// !$*UTF8*$!
{
	archiveVersion = 1;
	classes = {
	};
	objectVersion = 46;
	objects = {

/* Begin PBXBuildFile section */
		2F4CB5F9C6C84FD8BE411D6D /* libPods.a in Frameworks */ = {isa = PBXBuildFile; fileRef = 8F238F245F1A40B2A13356EA /* libPods.a */; };
		9273FC6A36244837BA84B03D /* libPods-FomalhautOSX.a in Frameworks */ = {isa = PBXBuildFile; fileRef = D094171245EF432E9B3191B1 /* libPods-FomalhautOSX.a */; };
		CE02E01A1870180400094EFD /* Cocoa.framework in Frameworks */ = {isa = PBXBuildFile; fileRef = CE02E0191870180400094EFD /* Cocoa.framework */; };
		CE02E0241870180400094EFD /* InfoPlist.strings in Resources */ = {isa = PBXBuildFile; fileRef = CE02E0221870180400094EFD /* InfoPlist.strings */; };
		CE02E0261870180400094EFD /* main.m in Sources */ = {isa = PBXBuildFile; fileRef = CE02E0251870180400094EFD /* main.m */; };
		CE02E02A1870180400094EFD /* Credits.rtf in Resources */ = {isa = PBXBuildFile; fileRef = CE02E0281870180400094EFD /* Credits.rtf */; };
		CE02E02D1870180400094EFD /* MTDocument.m in Sources */ = {isa = PBXBuildFile; fileRef = CE02E02C1870180400094EFD /* MTDocument.m */; };
		CE02E0361870180400094EFD /* MTDocument.xcdatamodeld in Sources */ = {isa = PBXBuildFile; fileRef = CE02E0341870180400094EFD /* MTDocument.xcdatamodeld */; };
		CE02E0381870180400094EFD /* Images.xcassets in Resources */ = {isa = PBXBuildFile; fileRef = CE02E0371870180400094EFD /* Images.xcassets */; };
		CE02E03F1870180400094EFD /* XCTest.framework in Frameworks */ = {isa = PBXBuildFile; fileRef = CE02E03E1870180400094EFD /* XCTest.framework */; };
		CE02E0401870180400094EFD /* Cocoa.framework in Frameworks */ = {isa = PBXBuildFile; fileRef = CE02E0191870180400094EFD /* Cocoa.framework */; };
		CE02E0481870180400094EFD /* InfoPlist.strings in Resources */ = {isa = PBXBuildFile; fileRef = CE02E0461870180400094EFD /* InfoPlist.strings */; };
		CE02E04A1870180400094EFD /* FomalhautOSXTests.m in Sources */ = {isa = PBXBuildFile; fileRef = CE02E0491870180400094EFD /* FomalhautOSXTests.m */; };
		CE02E12818710DAA00094EFD /* MTOSXAppDelegate.m in Sources */ = {isa = PBXBuildFile; fileRef = CE02E12718710DAA00094EFD /* MTOSXAppDelegate.m */; };
		CE02E12F18713ED200094EFD /* MTOSXMainWindowController.m in Sources */ = {isa = PBXBuildFile; fileRef = CE02E12D18713ED200094EFD /* MTOSXMainWindowController.m */; };
		CE02E13018713ED200094EFD /* MTOSXMainWindowController.xib in Resources */ = {isa = PBXBuildFile; fileRef = CE02E12E18713ED200094EFD /* MTOSXMainWindowController.xib */; };
		CE67D8B31880E4F40069A3D5 /* MTPage.m in Sources */ = {isa = PBXBuildFile; fileRef = CE67D8B21880E4F40069A3D5 /* MTPage.m */; };
		CE67D8B61880E5400069A3D5 /* MTZipEntryPage.m in Sources */ = {isa = PBXBuildFile; fileRef = CE67D8B51880E5400069A3D5 /* MTZipEntryPage.m */; };
		CE67D8B91880FC1E0069A3D5 /* MainMenu.xib in Resources */ = {isa = PBXBuildFile; fileRef = CE67D8B71880FC1E0069A3D5 /* MainMenu.xib */; };
		CE67D8BC188105E20069A3D5 /* MTSpreadPage.m in Sources */ = {isa = PBXBuildFile; fileRef = CE67D8BB188105E20069A3D5 /* MTSpreadPage.m */; };
		CE67D8BF188136AC0069A3D5 /* MTImageView.m in Sources */ = {isa = PBXBuildFile; fileRef = CE67D8BE188136AC0069A3D5 /* MTImageView.m */; };
		CE67D8C218823AA00069A3D5 /* MTUnreadColumnFormatter.m in Sources */ = {isa = PBXBuildFile; fileRef = CE67D8C118823AA00069A3D5 /* MTUnreadColumnFormatter.m */; };
		CE67D8C6188240F00069A3D5 /* MTPDFDocument.m in Sources */ = {isa = PBXBuildFile; fileRef = CE67D8C4188240F00069A3D5 /* MTPDFDocument.m */; };
		CE67D8CB188241210069A3D5 /* MTZipDocument.m in Sources */ = {isa = PBXBuildFile; fileRef = CE67D8C9188241210069A3D5 /* MTZipDocument.m */; };
		CE67D8CE1882430A0069A3D5 /* Quartz.framework in Frameworks */ = {isa = PBXBuildFile; fileRef = CE67D8CD1882430A0069A3D5 /* Quartz.framework */; };
		CE67D8D1188243990069A3D5 /* MTPDFPage.m in Sources */ = {isa = PBXBuildFile; fileRef = CE67D8D0188243990069A3D5 /* MTPDFPage.m */; };
		CE67D8D31882588F0069A3D5 /* fomalhaut.min.js in Resources */ = {isa = PBXBuildFile; fileRef = CE67D8D21882588F0069A3D5 /* fomalhaut.min.js */; };
		CE67D8D6188261780069A3D5 /* NSImage+Resize.m in Sources */ = {isa = PBXBuildFile; fileRef = CE67D8D5188261780069A3D5 /* NSImage+Resize.m */; };
		CE67D8D81882A1070069A3D5 /* Localizable.strings in Resources */ = {isa = PBXBuildFile; fileRef = CE67D8D71882A1070069A3D5 /* Localizable.strings */; };
		CE67D8EA1882AAA50069A3D5 /* MTFile.m in Sources */ = {isa = PBXBuildFile; fileRef = CE67D8E91882AAA50069A3D5 /* MTFile.m */; };
		CE67D8EE1882BAAB0069A3D5 /* MTAcknowledgementWindowController.m in Sources */ = {isa = PBXBuildFile; fileRef = CE67D8EC1882BAAB0069A3D5 /* MTAcknowledgementWindowController.m */; };
		CE67D8EF1882BAAB0069A3D5 /* MTAcknowledgementWindowController.xib in Resources */ = {isa = PBXBuildFile; fileRef = CE67D8ED1882BAAB0069A3D5 /* MTAcknowledgementWindowController.xib */; };
		CE67D8F11882BCC40069A3D5 /* acknowledgements.rtf in Resources */ = {isa = PBXBuildFile; fileRef = CE67D8F01882BCC40069A3D5 /* acknowledgements.rtf */; };
		CE67D8F418838F5B0069A3D5 /* MTOutlineBottomBarView.m in Sources */ = {isa = PBXBuildFile; fileRef = CE67D8F318838F5B0069A3D5 /* MTOutlineBottomBarView.m */; };
		CE789F9518792893005E928E /* list.html.mustache in Resources */ = {isa = PBXBuildFile; fileRef = CE789F9418792893005E928E /* list.html.mustache */; };
		CE789F9A18792B87005E928E /* bootstrap-theme.min.css in Resources */ = {isa = PBXBuildFile; fileRef = CE789F9818792B87005E928E /* bootstrap-theme.min.css */; };
		CE789F9B18792B87005E928E /* bootstrap.min.css in Resources */ = {isa = PBXBuildFile; fileRef = CE789F9918792B87005E928E /* bootstrap.min.css */; };
		CE789F9E18792B91005E928E /* bootstrap.min.js in Resources */ = {isa = PBXBuildFile; fileRef = CE789F9C18792B91005E928E /* bootstrap.min.js */; };
		CE789F9F18792B91005E928E /* jquery-2.0.3.min.js in Resources */ = {isa = PBXBuildFile; fileRef = CE789F9D18792B91005E928E /* jquery-2.0.3.min.js */; };
		CE789FA518796F6A005E928E /* MTFile+Addition.m in Sources */ = {isa = PBXBuildFile; fileRef = CE789FA418796F6A005E928E /* MTFile+Addition.m */; };
		CE789FA718798E48005E928E /* book.html.mustache in Resources */ = {isa = PBXBuildFile; fileRef = CE789FA618798E48005E928E /* book.html.mustache */; };
		CE789FAA18799999005E928E /* glyphicons-halflings-regular.woff in Resources */ = {isa = PBXBuildFile; fileRef = CE789FA918799951005E928E /* glyphicons-halflings-regular.woff */; };
		CE789FAD187AEAD9005E928E /* MTWebServer.m in Sources */ = {isa = PBXBuildFile; fileRef = CE789FAC187AEAD9005E928E /* MTWebServer.m */; };
		CE789FAF187B9582005E928E /* 404.html.mustache in Resources */ = {isa = PBXBuildFile; fileRef = CE789FAE187B9582005E928E /* 404.html.mustache */; };
		CE789FBF187C53C8005E928E /* MTBookmarkAll.m in Sources */ = {isa = PBXBuildFile; fileRef = CE789FBE187C53C8005E928E /* MTBookmarkAll.m */; };
		CE789FC2187C5422005E928E /* MTBookmarkUnread.m in Sources */ = {isa = PBXBuildFile; fileRef = CE789FC1187C5422005E928E /* MTBookmarkUnread.m */; };
		CE789FC5187C6590005E928E /* MTZeroWidthSplitView.m in Sources */ = {isa = PBXBuildFile; fileRef = CE789FC4187C6590005E928E /* MTZeroWidthSplitView.m */; };
		CE789FCA187EEAFC005E928E /* MTPreferencesWindowController.m in Sources */ = {isa = PBXBuildFile; fileRef = CE789FC8187EEAFC005E928E /* MTPreferencesWindowController.m */; };
		CE789FCB187EEAFC005E928E /* MTPreferencesWindowController.xib in Resources */ = {isa = PBXBuildFile; fileRef = CE789FC9187EEAFC005E928E /* MTPreferencesWindowController.xib */; };
		CE789FCE187EF101005E928E /* static.m in Sources */ = {isa = PBXBuildFile; fileRef = CE789FCD187EF101005E928E /* static.m */; };
		CE789FDC187F0D21005E928E /* RoutingConnection+Secure.m in Sources */ = {isa = PBXBuildFile; fileRef = CE789FDB187F0D21005E928E /* RoutingConnection+Secure.m */; };
		CE789FDF187F0E7E005E928E /* https.p12 in Resources */ = {isa = PBXBuildFile; fileRef = CE789FDE187F0E7E005E928E /* https.p12 */; };
		CE789FE21880450A005E928E /* MTUUID.m in Sources */ = {isa = PBXBuildFile; fileRef = CE789FE11880450A005E928E /* MTUUID.m */; };
		CE789FE61880491F005E928E /* MTBookWindowController.m in Sources */ = {isa = PBXBuildFile; fileRef = CE789FE41880491F005E928E /* MTBookWindowController.m */; };
		CE789FE71880491F005E928E /* MTBookWindowController.xib in Resources */ = {isa = PBXBuildFile; fileRef = CE789FE51880491F005E928E /* MTBookWindowController.xib */; };
		CE97ED1718841D120008DB37 /* MTSmartBookmark+Addition.m in Sources */ = {isa = PBXBuildFile; fileRef = CE97ED1618841D120008DB37 /* MTSmartBookmark+Addition.m */; };
		CE97ED1A18841D290008DB37 /* MTNormalBookmark+Addition.m in Sources */ = {isa = PBXBuildFile; fileRef = CE97ED1918841D280008DB37 /* MTNormalBookmark+Addition.m */; };
		CE97ED1D18841DCA0008DB37 /* MTNormalBookmark.m in Sources */ = {isa = PBXBuildFile; fileRef = CE97ED1C18841DCA0008DB37 /* MTNormalBookmark.m */; };
		CE97ED2018841DCC0008DB37 /* MTSmartBookmark.m in Sources */ = {isa = PBXBuildFile; fileRef = CE97ED1F18841DCC0008DB37 /* MTSmartBookmark.m */; };
		CE9E23711871565F0069BED0 /* MTFileArrayController.m in Sources */ = {isa = PBXBuildFile; fileRef = CE9E23701871565F0069BED0 /* MTFileArrayController.m */; };
		CE9E23741871770E0069BED0 /* NSArray+Function.m in Sources */ = {isa = PBXBuildFile; fileRef = CE9E23731871770E0069BED0 /* NSArray+Function.m */; };
		CEE2DC88188443C20082D5BB /* MTSmartBookmarkWindowController.m in Sources */ = {isa = PBXBuildFile; fileRef = CEE2DC86188443C20082D5BB /* MTSmartBookmarkWindowController.m */; };
		CEE2DC89188443C20082D5BB /* MTSmartBookmarkWindowController.xib in Resources */ = {isa = PBXBuildFile; fileRef = CEE2DC87188443C20082D5BB /* MTSmartBookmarkWindowController.xib */; };
		CEE2DC8C188455ED0082D5BB /* MTBookmarkOutlineView.m in Sources */ = {isa = PBXBuildFile; fileRef = CEE2DC8B188455ED0082D5BB /* MTBookmarkOutlineView.m */; };
/* End PBXBuildFile section */

/* Begin PBXContainerItemProxy section */
		CE02E0411870180400094EFD /* PBXContainerItemProxy */ = {
			isa = PBXContainerItemProxy;
			containerPortal = CE02E00E1870180400094EFD /* Project object */;
			proxyType = 1;
			remoteGlobalIDString = CE02E0151870180400094EFD;
			remoteInfo = FomalhautOSX;
		};
/* End PBXContainerItemProxy section */

/* Begin PBXFileReference section */
		14DFC61476834A4383EA4957 /* Pods-FomalhautOSX.xcconfig */ = {isa = PBXFileReference; includeInIndex = 1; lastKnownFileType = text.xcconfig; name = "Pods-FomalhautOSX.xcconfig"; path = "../Pods/Pods-FomalhautOSX.xcconfig"; sourceTree = "<group>"; };
		8F238F245F1A40B2A13356EA /* libPods.a */ = {isa = PBXFileReference; explicitFileType = archive.ar; includeInIndex = 0; path = libPods.a; sourceTree = BUILT_PRODUCTS_DIR; };
		C185B4837B4D4D8580F0FF95 /* Pods.xcconfig */ = {isa = PBXFileReference; includeInIndex = 1; lastKnownFileType = text.xcconfig; name = Pods.xcconfig; path = ../Pods/Pods.xcconfig; sourceTree = "<group>"; };
		CE02E0161870180400094EFD /* Fomalhaut.app */ = {isa = PBXFileReference; explicitFileType = wrapper.application; includeInIndex = 0; path = Fomalhaut.app; sourceTree = BUILT_PRODUCTS_DIR; };
		CE02E0191870180400094EFD /* Cocoa.framework */ = {isa = PBXFileReference; lastKnownFileType = wrapper.framework; name = Cocoa.framework; path = System/Library/Frameworks/Cocoa.framework; sourceTree = SDKROOT; };
		CE02E01C1870180400094EFD /* AppKit.framework */ = {isa = PBXFileReference; lastKnownFileType = wrapper.framework; name = AppKit.framework; path = System/Library/Frameworks/AppKit.framework; sourceTree = SDKROOT; };
		CE02E01D1870180400094EFD /* CoreData.framework */ = {isa = PBXFileReference; lastKnownFileType = wrapper.framework; name = CoreData.framework; path = System/Library/Frameworks/CoreData.framework; sourceTree = SDKROOT; };
		CE02E01E1870180400094EFD /* Foundation.framework */ = {isa = PBXFileReference; lastKnownFileType = wrapper.framework; name = Foundation.framework; path = System/Library/Frameworks/Foundation.framework; sourceTree = SDKROOT; };
		CE02E0211870180400094EFD /* FomalhautOSX-Info.plist */ = {isa = PBXFileReference; lastKnownFileType = text.plist.xml; path = "FomalhautOSX-Info.plist"; sourceTree = "<group>"; };
		CE02E0231870180400094EFD /* en */ = {isa = PBXFileReference; lastKnownFileType = text.plist.strings; name = en; path = en.lproj/InfoPlist.strings; sourceTree = "<group>"; };
		CE02E0251870180400094EFD /* main.m */ = {isa = PBXFileReference; lastKnownFileType = sourcecode.c.objc; path = main.m; sourceTree = "<group>"; };
		CE02E0271870180400094EFD /* FomalhautOSX-Prefix.pch */ = {isa = PBXFileReference; lastKnownFileType = sourcecode.c.h; path = "FomalhautOSX-Prefix.pch"; sourceTree = "<group>"; };
		CE02E0291870180400094EFD /* en */ = {isa = PBXFileReference; lastKnownFileType = text.rtf; name = en; path = en.lproj/Credits.rtf; sourceTree = "<group>"; };
		CE02E02B1870180400094EFD /* MTDocument.h */ = {isa = PBXFileReference; lastKnownFileType = sourcecode.c.h; path = MTDocument.h; sourceTree = "<group>"; };
		CE02E02C1870180400094EFD /* MTDocument.m */ = {isa = PBXFileReference; lastKnownFileType = sourcecode.c.objc; path = MTDocument.m; sourceTree = "<group>"; };
		CE02E0351870180400094EFD /* MTDocument.xcdatamodel */ = {isa = PBXFileReference; lastKnownFileType = wrapper.xcdatamodel; path = MTDocument.xcdatamodel; sourceTree = "<group>"; };
		CE02E0371870180400094EFD /* Images.xcassets */ = {isa = PBXFileReference; lastKnownFileType = folder.assetcatalog; path = Images.xcassets; sourceTree = "<group>"; };
		CE02E03D1870180400094EFD /* FomalhautOSXTests.xctest */ = {isa = PBXFileReference; explicitFileType = wrapper.cfbundle; includeInIndex = 0; path = FomalhautOSXTests.xctest; sourceTree = BUILT_PRODUCTS_DIR; };
		CE02E03E1870180400094EFD /* XCTest.framework */ = {isa = PBXFileReference; lastKnownFileType = wrapper.framework; name = XCTest.framework; path = Library/Frameworks/XCTest.framework; sourceTree = DEVELOPER_DIR; };
		CE02E0451870180400094EFD /* FomalhautOSXTests-Info.plist */ = {isa = PBXFileReference; lastKnownFileType = text.plist.xml; path = "FomalhautOSXTests-Info.plist"; sourceTree = "<group>"; };
		CE02E0471870180400094EFD /* en */ = {isa = PBXFileReference; lastKnownFileType = text.plist.strings; name = en; path = en.lproj/InfoPlist.strings; sourceTree = "<group>"; };
		CE02E0491870180400094EFD /* FomalhautOSXTests.m */ = {isa = PBXFileReference; lastKnownFileType = sourcecode.c.objc; path = FomalhautOSXTests.m; sourceTree = "<group>"; };
		CE02E12618710DAA00094EFD /* MTOSXAppDelegate.h */ = {isa = PBXFileReference; fileEncoding = 4; lastKnownFileType = sourcecode.c.h; path = MTOSXAppDelegate.h; sourceTree = "<group>"; };
		CE02E12718710DAA00094EFD /* MTOSXAppDelegate.m */ = {isa = PBXFileReference; fileEncoding = 4; lastKnownFileType = sourcecode.c.objc; path = MTOSXAppDelegate.m; sourceTree = "<group>"; };
		CE02E12C18713ED200094EFD /* MTOSXMainWindowController.h */ = {isa = PBXFileReference; fileEncoding = 4; lastKnownFileType = sourcecode.c.h; path = MTOSXMainWindowController.h; sourceTree = "<group>"; };
		CE02E12D18713ED200094EFD /* MTOSXMainWindowController.m */ = {isa = PBXFileReference; fileEncoding = 4; lastKnownFileType = sourcecode.c.objc; path = MTOSXMainWindowController.m; sourceTree = "<group>"; };
		CE02E12E18713ED200094EFD /* MTOSXMainWindowController.xib */ = {isa = PBXFileReference; fileEncoding = 4; lastKnownFileType = file.xib; path = MTOSXMainWindowController.xib; sourceTree = "<group>"; };
		CE67D8B11880E4F40069A3D5 /* MTPage.h */ = {isa = PBXFileReference; fileEncoding = 4; lastKnownFileType = sourcecode.c.h; path = MTPage.h; sourceTree = "<group>"; };
		CE67D8B21880E4F40069A3D5 /* MTPage.m */ = {isa = PBXFileReference; fileEncoding = 4; lastKnownFileType = sourcecode.c.objc; path = MTPage.m; sourceTree = "<group>"; };
		CE67D8B41880E5400069A3D5 /* MTZipEntryPage.h */ = {isa = PBXFileReference; fileEncoding = 4; lastKnownFileType = sourcecode.c.h; path = MTZipEntryPage.h; sourceTree = "<group>"; };
		CE67D8B51880E5400069A3D5 /* MTZipEntryPage.m */ = {isa = PBXFileReference; fileEncoding = 4; lastKnownFileType = sourcecode.c.objc; path = MTZipEntryPage.m; sourceTree = "<group>"; };
		CE67D8B81880FC1E0069A3D5 /* Base */ = {isa = PBXFileReference; lastKnownFileType = file.xib; name = Base; path = Base.lproj/MainMenu.xib; sourceTree = "<group>"; };
		CE67D8BA188105E20069A3D5 /* MTSpreadPage.h */ = {isa = PBXFileReference; fileEncoding = 4; lastKnownFileType = sourcecode.c.h; path = MTSpreadPage.h; sourceTree = "<group>"; };
		CE67D8BB188105E20069A3D5 /* MTSpreadPage.m */ = {isa = PBXFileReference; fileEncoding = 4; lastKnownFileType = sourcecode.c.objc; path = MTSpreadPage.m; sourceTree = "<group>"; };
		CE67D8BD188136AC0069A3D5 /* MTImageView.h */ = {isa = PBXFileReference; fileEncoding = 4; lastKnownFileType = sourcecode.c.h; path = MTImageView.h; sourceTree = "<group>"; };
		CE67D8BE188136AC0069A3D5 /* MTImageView.m */ = {isa = PBXFileReference; fileEncoding = 4; lastKnownFileType = sourcecode.c.objc; path = MTImageView.m; sourceTree = "<group>"; };
		CE67D8C018823AA00069A3D5 /* MTUnreadColumnFormatter.h */ = {isa = PBXFileReference; fileEncoding = 4; lastKnownFileType = sourcecode.c.h; path = MTUnreadColumnFormatter.h; sourceTree = "<group>"; };
		CE67D8C118823AA00069A3D5 /* MTUnreadColumnFormatter.m */ = {isa = PBXFileReference; fileEncoding = 4; lastKnownFileType = sourcecode.c.objc; path = MTUnreadColumnFormatter.m; sourceTree = "<group>"; };
		CE67D8C3188240F00069A3D5 /* MTPDFDocument.h */ = {isa = PBXFileReference; fileEncoding = 4; lastKnownFileType = sourcecode.c.h; path = MTPDFDocument.h; sourceTree = "<group>"; };
		CE67D8C4188240F00069A3D5 /* MTPDFDocument.m */ = {isa = PBXFileReference; fileEncoding = 4; lastKnownFileType = sourcecode.c.objc; path = MTPDFDocument.m; sourceTree = "<group>"; };
		CE67D8C8188241210069A3D5 /* MTZipDocument.h */ = {isa = PBXFileReference; fileEncoding = 4; lastKnownFileType = sourcecode.c.h; path = MTZipDocument.h; sourceTree = "<group>"; };
		CE67D8C9188241210069A3D5 /* MTZipDocument.m */ = {isa = PBXFileReference; fileEncoding = 4; lastKnownFileType = sourcecode.c.objc; path = MTZipDocument.m; sourceTree = "<group>"; };
		CE67D8CD1882430A0069A3D5 /* Quartz.framework */ = {isa = PBXFileReference; lastKnownFileType = wrapper.framework; name = Quartz.framework; path = System/Library/Frameworks/Quartz.framework; sourceTree = SDKROOT; };
		CE67D8CF188243990069A3D5 /* MTPDFPage.h */ = {isa = PBXFileReference; fileEncoding = 4; lastKnownFileType = sourcecode.c.h; path = MTPDFPage.h; sourceTree = "<group>"; };
		CE67D8D0188243990069A3D5 /* MTPDFPage.m */ = {isa = PBXFileReference; fileEncoding = 4; lastKnownFileType = sourcecode.c.objc; path = MTPDFPage.m; sourceTree = "<group>"; };
		CE67D8D21882588F0069A3D5 /* fomalhaut.min.js */ = {isa = PBXFileReference; fileEncoding = 4; lastKnownFileType = sourcecode.javascript; path = fomalhaut.min.js; sourceTree = "<group>"; };
		CE67D8D4188261780069A3D5 /* NSImage+Resize.h */ = {isa = PBXFileReference; fileEncoding = 4; lastKnownFileType = sourcecode.c.h; path = "NSImage+Resize.h"; sourceTree = "<group>"; };
		CE67D8D5188261780069A3D5 /* NSImage+Resize.m */ = {isa = PBXFileReference; fileEncoding = 4; lastKnownFileType = sourcecode.c.objc; path = "NSImage+Resize.m"; sourceTree = "<group>"; };
		CE67D8D71882A1070069A3D5 /* Localizable.strings */ = {isa = PBXFileReference; fileEncoding = 4; lastKnownFileType = text.plist.strings; path = Localizable.strings; sourceTree = "<group>"; };
		CE67D8E81882AAA50069A3D5 /* MTFile.h */ = {isa = PBXFileReference; fileEncoding = 4; lastKnownFileType = sourcecode.c.h; path = MTFile.h; sourceTree = "<group>"; };
		CE67D8E91882AAA50069A3D5 /* MTFile.m */ = {isa = PBXFileReference; fileEncoding = 4; lastKnownFileType = sourcecode.c.objc; path = MTFile.m; sourceTree = "<group>"; };
		CE67D8EB1882BAAB0069A3D5 /* MTAcknowledgementWindowController.h */ = {isa = PBXFileReference; fileEncoding = 4; lastKnownFileType = sourcecode.c.h; path = MTAcknowledgementWindowController.h; sourceTree = "<group>"; };
		CE67D8EC1882BAAB0069A3D5 /* MTAcknowledgementWindowController.m */ = {isa = PBXFileReference; fileEncoding = 4; lastKnownFileType = sourcecode.c.objc; path = MTAcknowledgementWindowController.m; sourceTree = "<group>"; };
		CE67D8ED1882BAAB0069A3D5 /* MTAcknowledgementWindowController.xib */ = {isa = PBXFileReference; fileEncoding = 4; lastKnownFileType = file.xib; path = MTAcknowledgementWindowController.xib; sourceTree = "<group>"; };
		CE67D8F01882BCC40069A3D5 /* acknowledgements.rtf */ = {isa = PBXFileReference; fileEncoding = 4; lastKnownFileType = text.rtf; path = acknowledgements.rtf; sourceTree = "<group>"; };
		CE67D8F218838F5B0069A3D5 /* MTOutlineBottomBarView.h */ = {isa = PBXFileReference; fileEncoding = 4; lastKnownFileType = sourcecode.c.h; path = MTOutlineBottomBarView.h; sourceTree = "<group>"; };
		CE67D8F318838F5B0069A3D5 /* MTOutlineBottomBarView.m */ = {isa = PBXFileReference; fileEncoding = 4; lastKnownFileType = sourcecode.c.objc; path = MTOutlineBottomBarView.m; sourceTree = "<group>"; };
		CE67D8F51884177C0069A3D5 /* MTDocument 2.xcdatamodel */ = {isa = PBXFileReference; lastKnownFileType = wrapper.xcdatamodel; path = "MTDocument 2.xcdatamodel"; sourceTree = "<group>"; };
		CE789F9418792893005E928E /* list.html.mustache */ = {isa = PBXFileReference; fileEncoding = 4; lastKnownFileType = text; path = list.html.mustache; sourceTree = "<group>"; };
		CE789F9818792B87005E928E /* bootstrap-theme.min.css */ = {isa = PBXFileReference; fileEncoding = 4; lastKnownFileType = text.css; path = "bootstrap-theme.min.css"; sourceTree = "<group>"; };
		CE789F9918792B87005E928E /* bootstrap.min.css */ = {isa = PBXFileReference; fileEncoding = 4; lastKnownFileType = text.css; path = bootstrap.min.css; sourceTree = "<group>"; };
		CE789F9C18792B91005E928E /* bootstrap.min.js */ = {isa = PBXFileReference; fileEncoding = 4; lastKnownFileType = sourcecode.javascript; path = bootstrap.min.js; sourceTree = "<group>"; };
		CE789F9D18792B91005E928E /* jquery-2.0.3.min.js */ = {isa = PBXFileReference; fileEncoding = 4; lastKnownFileType = sourcecode.javascript; path = "jquery-2.0.3.min.js"; sourceTree = "<group>"; };
		CE789FA318796F6A005E928E /* MTFile+Addition.h */ = {isa = PBXFileReference; fileEncoding = 4; lastKnownFileType = sourcecode.c.h; path = "MTFile+Addition.h"; sourceTree = "<group>"; };
		CE789FA418796F6A005E928E /* MTFile+Addition.m */ = {isa = PBXFileReference; fileEncoding = 4; lastKnownFileType = sourcecode.c.objc; path = "MTFile+Addition.m"; sourceTree = "<group>"; };
		CE789FA618798E48005E928E /* book.html.mustache */ = {isa = PBXFileReference; fileEncoding = 4; lastKnownFileType = text; path = book.html.mustache; sourceTree = "<group>"; };
		CE789FA918799951005E928E /* glyphicons-halflings-regular.woff */ = {isa = PBXFileReference; lastKnownFileType = file; path = "glyphicons-halflings-regular.woff"; sourceTree = "<group>"; };
		CE789FAB187AEAD9005E928E /* MTWebServer.h */ = {isa = PBXFileReference; fileEncoding = 4; lastKnownFileType = sourcecode.c.h; path = MTWebServer.h; sourceTree = "<group>"; };
		CE789FAC187AEAD9005E928E /* MTWebServer.m */ = {isa = PBXFileReference; fileEncoding = 4; lastKnownFileType = sourcecode.c.objc; path = MTWebServer.m; sourceTree = "<group>"; };
		CE789FAE187B9582005E928E /* 404.html.mustache */ = {isa = PBXFileReference; fileEncoding = 4; lastKnownFileType = text; path = 404.html.mustache; sourceTree = "<group>"; };
		CE789FBC187C52A5005E928E /* MTBookmark.h */ = {isa = PBXFileReference; lastKnownFileType = sourcecode.c.h; path = MTBookmark.h; sourceTree = "<group>"; };
		CE789FBD187C53C8005E928E /* MTBookmarkAll.h */ = {isa = PBXFileReference; fileEncoding = 4; lastKnownFileType = sourcecode.c.h; path = MTBookmarkAll.h; sourceTree = "<group>"; };
		CE789FBE187C53C8005E928E /* MTBookmarkAll.m */ = {isa = PBXFileReference; fileEncoding = 4; lastKnownFileType = sourcecode.c.objc; path = MTBookmarkAll.m; sourceTree = "<group>"; };
		CE789FC0187C5422005E928E /* MTBookmarkUnread.h */ = {isa = PBXFileReference; fileEncoding = 4; lastKnownFileType = sourcecode.c.h; path = MTBookmarkUnread.h; sourceTree = "<group>"; };
		CE789FC1187C5422005E928E /* MTBookmarkUnread.m */ = {isa = PBXFileReference; fileEncoding = 4; lastKnownFileType = sourcecode.c.objc; path = MTBookmarkUnread.m; sourceTree = "<group>"; };
		CE789FC3187C6590005E928E /* MTZeroWidthSplitView.h */ = {isa = PBXFileReference; fileEncoding = 4; lastKnownFileType = sourcecode.c.h; path = MTZeroWidthSplitView.h; sourceTree = "<group>"; };
		CE789FC4187C6590005E928E /* MTZeroWidthSplitView.m */ = {isa = PBXFileReference; fileEncoding = 4; lastKnownFileType = sourcecode.c.objc; path = MTZeroWidthSplitView.m; sourceTree = "<group>"; };
		CE789FC7187EEAFC005E928E /* MTPreferencesWindowController.h */ = {isa = PBXFileReference; fileEncoding = 4; lastKnownFileType = sourcecode.c.h; path = MTPreferencesWindowController.h; sourceTree = "<group>"; };
		CE789FC8187EEAFC005E928E /* MTPreferencesWindowController.m */ = {isa = PBXFileReference; fileEncoding = 4; lastKnownFileType = sourcecode.c.objc; path = MTPreferencesWindowController.m; sourceTree = "<group>"; };
		CE789FC9187EEAFC005E928E /* MTPreferencesWindowController.xib */ = {isa = PBXFileReference; fileEncoding = 4; lastKnownFileType = file.xib; path = MTPreferencesWindowController.xib; sourceTree = "<group>"; };
		CE789FCD187EF101005E928E /* static.m */ = {isa = PBXFileReference; fileEncoding = 4; lastKnownFileType = sourcecode.c.objc; path = static.m; sourceTree = "<group>"; };
		CE789FD5187F0816005E928E /* Security.framework */ = {isa = PBXFileReference; lastKnownFileType = wrapper.framework; name = Security.framework; path = System/Library/Frameworks/Security.framework; sourceTree = SDKROOT; };
		CE789FDA187F0D21005E928E /* RoutingConnection+Secure.h */ = {isa = PBXFileReference; fileEncoding = 4; lastKnownFileType = sourcecode.c.h; path = "RoutingConnection+Secure.h"; sourceTree = "<group>"; };
		CE789FDB187F0D21005E928E /* RoutingConnection+Secure.m */ = {isa = PBXFileReference; fileEncoding = 4; lastKnownFileType = sourcecode.c.objc; path = "RoutingConnection+Secure.m"; sourceTree = "<group>"; };
		CE789FDE187F0E7E005E928E /* https.p12 */ = {isa = PBXFileReference; lastKnownFileType = file; path = https.p12; sourceTree = "<group>"; };
		CE789FE01880450A005E928E /* MTUUID.h */ = {isa = PBXFileReference; fileEncoding = 4; lastKnownFileType = sourcecode.c.h; path = MTUUID.h; sourceTree = "<group>"; };
		CE789FE11880450A005E928E /* MTUUID.m */ = {isa = PBXFileReference; fileEncoding = 4; lastKnownFileType = sourcecode.c.objc; path = MTUUID.m; sourceTree = "<group>"; };
		CE789FE31880491F005E928E /* MTBookWindowController.h */ = {isa = PBXFileReference; fileEncoding = 4; lastKnownFileType = sourcecode.c.h; path = MTBookWindowController.h; sourceTree = "<group>"; };
		CE789FE41880491F005E928E /* MTBookWindowController.m */ = {isa = PBXFileReference; fileEncoding = 4; lastKnownFileType = sourcecode.c.objc; path = MTBookWindowController.m; sourceTree = "<group>"; };
		CE789FE51880491F005E928E /* MTBookWindowController.xib */ = {isa = PBXFileReference; fileEncoding = 4; lastKnownFileType = file.xib; path = MTBookWindowController.xib; sourceTree = "<group>"; };
		CE97ED1518841D120008DB37 /* MTSmartBookmark+Addition.h */ = {isa = PBXFileReference; fileEncoding = 4; lastKnownFileType = sourcecode.c.h; path = "MTSmartBookmark+Addition.h"; sourceTree = "<group>"; };
		CE97ED1618841D120008DB37 /* MTSmartBookmark+Addition.m */ = {isa = PBXFileReference; fileEncoding = 4; lastKnownFileType = sourcecode.c.objc; path = "MTSmartBookmark+Addition.m"; sourceTree = "<group>"; };
		CE97ED1818841D280008DB37 /* MTNormalBookmark+Addition.h */ = {isa = PBXFileReference; fileEncoding = 4; lastKnownFileType = sourcecode.c.h; path = "MTNormalBookmark+Addition.h"; sourceTree = "<group>"; };
		CE97ED1918841D280008DB37 /* MTNormalBookmark+Addition.m */ = {isa = PBXFileReference; fileEncoding = 4; lastKnownFileType = sourcecode.c.objc; path = "MTNormalBookmark+Addition.m"; sourceTree = "<group>"; };
		CE97ED1B18841DCA0008DB37 /* MTNormalBookmark.h */ = {isa = PBXFileReference; fileEncoding = 4; lastKnownFileType = sourcecode.c.h; path = MTNormalBookmark.h; sourceTree = "<group>"; };
		CE97ED1C18841DCA0008DB37 /* MTNormalBookmark.m */ = {isa = PBXFileReference; fileEncoding = 4; lastKnownFileType = sourcecode.c.objc; path = MTNormalBookmark.m; sourceTree = "<group>"; };
		CE97ED1E18841DCC0008DB37 /* MTSmartBookmark.h */ = {isa = PBXFileReference; fileEncoding = 4; lastKnownFileType = sourcecode.c.h; path = MTSmartBookmark.h; sourceTree = "<group>"; };
		CE97ED1F18841DCC0008DB37 /* MTSmartBookmark.m */ = {isa = PBXFileReference; fileEncoding = 4; lastKnownFileType = sourcecode.c.objc; path = MTSmartBookmark.m; sourceTree = "<group>"; };
		CE9E236F1871565F0069BED0 /* MTFileArrayController.h */ = {isa = PBXFileReference; fileEncoding = 4; lastKnownFileType = sourcecode.c.h; path = MTFileArrayController.h; sourceTree = "<group>"; };
		CE9E23701871565F0069BED0 /* MTFileArrayController.m */ = {isa = PBXFileReference; fileEncoding = 4; lastKnownFileType = sourcecode.c.objc; path = MTFileArrayController.m; sourceTree = "<group>"; };
		CE9E23721871770E0069BED0 /* NSArray+Function.h */ = {isa = PBXFileReference; fileEncoding = 4; lastKnownFileType = sourcecode.c.h; path = "NSArray+Function.h"; sourceTree = "<group>"; };
		CE9E23731871770E0069BED0 /* NSArray+Function.m */ = {isa = PBXFileReference; fileEncoding = 4; lastKnownFileType = sourcecode.c.objc; path = "NSArray+Function.m"; sourceTree = "<group>"; };
		CEE2DC85188443C20082D5BB /* MTSmartBookmarkWindowController.h */ = {isa = PBXFileReference; fileEncoding = 4; lastKnownFileType = sourcecode.c.h; path = MTSmartBookmarkWindowController.h; sourceTree = "<group>"; };
		CEE2DC86188443C20082D5BB /* MTSmartBookmarkWindowController.m */ = {isa = PBXFileReference; fileEncoding = 4; lastKnownFileType = sourcecode.c.objc; path = MTSmartBookmarkWindowController.m; sourceTree = "<group>"; };
		CEE2DC87188443C20082D5BB /* MTSmartBookmarkWindowController.xib */ = {isa = PBXFileReference; fileEncoding = 4; lastKnownFileType = file.xib; path = MTSmartBookmarkWindowController.xib; sourceTree = "<group>"; };
		CEE2DC8A188455ED0082D5BB /* MTBookmarkOutlineView.h */ = {isa = PBXFileReference; fileEncoding = 4; lastKnownFileType = sourcecode.c.h; path = MTBookmarkOutlineView.h; sourceTree = "<group>"; };
		CEE2DC8B188455ED0082D5BB /* MTBookmarkOutlineView.m */ = {isa = PBXFileReference; fileEncoding = 4; lastKnownFileType = sourcecode.c.objc; path = MTBookmarkOutlineView.m; sourceTree = "<group>"; };
		D094171245EF432E9B3191B1 /* libPods-FomalhautOSX.a */ = {isa = PBXFileReference; explicitFileType = archive.ar; includeInIndex = 0; path = "libPods-FomalhautOSX.a"; sourceTree = BUILT_PRODUCTS_DIR; };
/* End PBXFileReference section */

/* Begin PBXFrameworksBuildPhase section */
		CE02E0131870180400094EFD /* Frameworks */ = {
			isa = PBXFrameworksBuildPhase;
			buildActionMask = 2147483647;
			files = (
				CE67D8CE1882430A0069A3D5 /* Quartz.framework in Frameworks */,
				CE02E01A1870180400094EFD /* Cocoa.framework in Frameworks */,
				2F4CB5F9C6C84FD8BE411D6D /* libPods.a in Frameworks */,
				9273FC6A36244837BA84B03D /* libPods-FomalhautOSX.a in Frameworks */,
			);
			runOnlyForDeploymentPostprocessing = 0;
		};
		CE02E03A1870180400094EFD /* Frameworks */ = {
			isa = PBXFrameworksBuildPhase;
			buildActionMask = 2147483647;
			files = (
				CE02E0401870180400094EFD /* Cocoa.framework in Frameworks */,
				CE02E03F1870180400094EFD /* XCTest.framework in Frameworks */,
			);
			runOnlyForDeploymentPostprocessing = 0;
		};
/* End PBXFrameworksBuildPhase section */

/* Begin PBXGroup section */
		CE02E00D1870180400094EFD = {
			isa = PBXGroup;
			children = (
				CE02E01F1870180400094EFD /* FomalhautOSX */,
				CE02E0431870180400094EFD /* FomalhautOSXTests */,
				CE02E0181870180400094EFD /* Frameworks */,
				CE02E0171870180400094EFD /* Products */,
				C185B4837B4D4D8580F0FF95 /* Pods.xcconfig */,
				14DFC61476834A4383EA4957 /* Pods-FomalhautOSX.xcconfig */,
			);
			sourceTree = "<group>";
		};
		CE02E0171870180400094EFD /* Products */ = {
			isa = PBXGroup;
			children = (
				CE02E0161870180400094EFD /* Fomalhaut.app */,
				CE02E03D1870180400094EFD /* FomalhautOSXTests.xctest */,
			);
			name = Products;
			sourceTree = "<group>";
		};
		CE02E0181870180400094EFD /* Frameworks */ = {
			isa = PBXGroup;
			children = (
				CE67D8CD1882430A0069A3D5 /* Quartz.framework */,
				CE789FD5187F0816005E928E /* Security.framework */,
				CE02E0191870180400094EFD /* Cocoa.framework */,
				CE02E03E1870180400094EFD /* XCTest.framework */,
				CE02E01B1870180400094EFD /* Other Frameworks */,
				8F238F245F1A40B2A13356EA /* libPods.a */,
				D094171245EF432E9B3191B1 /* libPods-FomalhautOSX.a */,
			);
			name = Frameworks;
			sourceTree = "<group>";
		};
		CE02E01B1870180400094EFD /* Other Frameworks */ = {
			isa = PBXGroup;
			children = (
				CE02E01C1870180400094EFD /* AppKit.framework */,
				CE02E01D1870180400094EFD /* CoreData.framework */,
				CE02E01E1870180400094EFD /* Foundation.framework */,
			);
			name = "Other Frameworks";
			sourceTree = "<group>";
		};
		CE02E01F1870180400094EFD /* FomalhautOSX */ = {
			isa = PBXGroup;
			children = (
				CE67D8B71880FC1E0069A3D5 /* MainMenu.xib */,
				CE02E02B1870180400094EFD /* MTDocument.h */,
				CE02E02C1870180400094EFD /* MTDocument.m */,
				CE67D8C8188241210069A3D5 /* MTZipDocument.h */,
				CE67D8C9188241210069A3D5 /* MTZipDocument.m */,
				CE67D8C3188240F00069A3D5 /* MTPDFDocument.h */,
				CE67D8C4188240F00069A3D5 /* MTPDFDocument.m */,
				CE02E12618710DAA00094EFD /* MTOSXAppDelegate.h */,
				CE02E12718710DAA00094EFD /* MTOSXAppDelegate.m */,
				CE02E12C18713ED200094EFD /* MTOSXMainWindowController.h */,
				CE02E12D18713ED200094EFD /* MTOSXMainWindowController.m */,
				CE02E12E18713ED200094EFD /* MTOSXMainWindowController.xib */,
				CE789FC7187EEAFC005E928E /* MTPreferencesWindowController.h */,
				CE789FC8187EEAFC005E928E /* MTPreferencesWindowController.m */,
				CE789FC9187EEAFC005E928E /* MTPreferencesWindowController.xib */,
				CE789FE31880491F005E928E /* MTBookWindowController.h */,
				CE789FE41880491F005E928E /* MTBookWindowController.m */,
				CE789FE51880491F005E928E /* MTBookWindowController.xib */,
				CE67D8EB1882BAAB0069A3D5 /* MTAcknowledgementWindowController.h */,
				CE67D8EC1882BAAB0069A3D5 /* MTAcknowledgementWindowController.m */,
				CE67D8ED1882BAAB0069A3D5 /* MTAcknowledgementWindowController.xib */,
				CEE2DC85188443C20082D5BB /* MTSmartBookmarkWindowController.h */,
				CEE2DC86188443C20082D5BB /* MTSmartBookmarkWindowController.m */,
				CEE2DC87188443C20082D5BB /* MTSmartBookmarkWindowController.xib */,
				CE67D8E81882AAA50069A3D5 /* MTFile.h */,
				CE67D8E91882AAA50069A3D5 /* MTFile.m */,
				CE789FA318796F6A005E928E /* MTFile+Addition.h */,
				CE789FA418796F6A005E928E /* MTFile+Addition.m */,
				CE9E236F1871565F0069BED0 /* MTFileArrayController.h */,
				CE9E23701871565F0069BED0 /* MTFileArrayController.m */,
				CE789FAB187AEAD9005E928E /* MTWebServer.h */,
				CE789FAC187AEAD9005E928E /* MTWebServer.m */,
				CE789FBC187C52A5005E928E /* MTBookmark.h */,
				CE789FBD187C53C8005E928E /* MTBookmarkAll.h */,
				CE789FBE187C53C8005E928E /* MTBookmarkAll.m */,
				CE789FC0187C5422005E928E /* MTBookmarkUnread.h */,
				CE789FC1187C5422005E928E /* MTBookmarkUnread.m */,
				CE97ED1B18841DCA0008DB37 /* MTNormalBookmark.h */,
				CE97ED1C18841DCA0008DB37 /* MTNormalBookmark.m */,
				CE97ED1818841D280008DB37 /* MTNormalBookmark+Addition.h */,
				CE97ED1918841D280008DB37 /* MTNormalBookmark+Addition.m */,
				CE97ED1E18841DCC0008DB37 /* MTSmartBookmark.h */,
				CE97ED1F18841DCC0008DB37 /* MTSmartBookmark.m */,
				CE97ED1518841D120008DB37 /* MTSmartBookmark+Addition.h */,
				CE97ED1618841D120008DB37 /* MTSmartBookmark+Addition.m */,
				CE789FE01880450A005E928E /* MTUUID.h */,
				CE789FE11880450A005E928E /* MTUUID.m */,
				CE67D8B11880E4F40069A3D5 /* MTPage.h */,
				CE67D8B21880E4F40069A3D5 /* MTPage.m */,
				CE67D8B41880E5400069A3D5 /* MTZipEntryPage.h */,
				CE67D8B51880E5400069A3D5 /* MTZipEntryPage.m */,
				CE67D8CF188243990069A3D5 /* MTPDFPage.h */,
				CE67D8D0188243990069A3D5 /* MTPDFPage.m */,
				CE67D8BA188105E20069A3D5 /* MTSpreadPage.h */,
				CE67D8BB188105E20069A3D5 /* MTSpreadPage.m */,
				CE789FC3187C6590005E928E /* MTZeroWidthSplitView.h */,
				CE789FC4187C6590005E928E /* MTZeroWidthSplitView.m */,
				CE67D8BD188136AC0069A3D5 /* MTImageView.h */,
				CE67D8BE188136AC0069A3D5 /* MTImageView.m */,
				CE67D8C018823AA00069A3D5 /* MTUnreadColumnFormatter.h */,
				CE67D8C118823AA00069A3D5 /* MTUnreadColumnFormatter.m */,
				CE67D8F218838F5B0069A3D5 /* MTOutlineBottomBarView.h */,
				CE67D8F318838F5B0069A3D5 /* MTOutlineBottomBarView.m */,
				CEE2DC8A188455ED0082D5BB /* MTBookmarkOutlineView.h */,
				CEE2DC8B188455ED0082D5BB /* MTBookmarkOutlineView.m */,
				CE789FDA187F0D21005E928E /* RoutingConnection+Secure.h */,
				CE789FDB187F0D21005E928E /* RoutingConnection+Secure.m */,
				CE9E23721871770E0069BED0 /* NSArray+Function.h */,
				CE9E23731871770E0069BED0 /* NSArray+Function.m */,
				CE67D8D4188261780069A3D5 /* NSImage+Resize.h */,
				CE67D8D5188261780069A3D5 /* NSImage+Resize.m */,
				CE02E0371870180400094EFD /* Images.xcassets */,
				CE02E0341870180400094EFD /* MTDocument.xcdatamodeld */,
				CE789F931879287A005E928E /* templates */,
				CE02E0201870180400094EFD /* Supporting Files */,
				CE789FCD187EF101005E928E /* static.m */,
			);
			path = FomalhautOSX;
			sourceTree = "<group>";
		};
		CE02E0201870180400094EFD /* Supporting Files */ = {
			isa = PBXGroup;
			children = (
				CE67D8F01882BCC40069A3D5 /* acknowledgements.rtf */,
				CE789FDE187F0E7E005E928E /* https.p12 */,
				CE02E0211870180400094EFD /* FomalhautOSX-Info.plist */,
				CE02E0221870180400094EFD /* InfoPlist.strings */,
				CE02E0251870180400094EFD /* main.m */,
				CE02E0271870180400094EFD /* FomalhautOSX-Prefix.pch */,
				CE02E0281870180400094EFD /* Credits.rtf */,
				CE67D8D71882A1070069A3D5 /* Localizable.strings */,
			);
			name = "Supporting Files";
			sourceTree = "<group>";
		};
		CE02E0431870180400094EFD /* FomalhautOSXTests */ = {
			isa = PBXGroup;
			children = (
				CE02E0491870180400094EFD /* FomalhautOSXTests.m */,
				CE02E0441870180400094EFD /* Supporting Files */,
			);
			path = FomalhautOSXTests;
			sourceTree = "<group>";
		};
		CE02E0441870180400094EFD /* Supporting Files */ = {
			isa = PBXGroup;
			children = (
				CE02E0451870180400094EFD /* FomalhautOSXTests-Info.plist */,
				CE02E0461870180400094EFD /* InfoPlist.strings */,
			);
			name = "Supporting Files";
			sourceTree = "<group>";
		};
		CE789F931879287A005E928E /* templates */ = {
			isa = PBXGroup;
			children = (
				CE789F9718792B6A005E928E /* js */,
				CE789F9618792B5D005E928E /* css */,
				CE789FA818799939005E928E /* fonts */,
				CE789F9418792893005E928E /* list.html.mustache */,
				CE789FA618798E48005E928E /* book.html.mustache */,
				CE789FAE187B9582005E928E /* 404.html.mustache */,
			);
			path = templates;
			sourceTree = "<group>";
		};
		CE789F9618792B5D005E928E /* css */ = {
			isa = PBXGroup;
			children = (
				CE789F9818792B87005E928E /* bootstrap-theme.min.css */,
				CE789F9918792B87005E928E /* bootstrap.min.css */,
			);
			path = css;
			sourceTree = "<group>";
		};
		CE789F9718792B6A005E928E /* js */ = {
			isa = PBXGroup;
			children = (
				CE67D8D21882588F0069A3D5 /* fomalhaut.min.js */,
				CE789F9C18792B91005E928E /* bootstrap.min.js */,
				CE789F9D18792B91005E928E /* jquery-2.0.3.min.js */,
			);
			path = js;
			sourceTree = "<group>";
		};
		CE789FA818799939005E928E /* fonts */ = {
			isa = PBXGroup;
			children = (
				CE789FA918799951005E928E /* glyphicons-halflings-regular.woff */,
			);
			path = fonts;
			sourceTree = "<group>";
		};
/* End PBXGroup section */

/* Begin PBXNativeTarget section */
		CE02E0151870180400094EFD /* FomalhautOSX */ = {
			isa = PBXNativeTarget;
			buildConfigurationList = CE02E04D1870180400094EFD /* Build configuration list for PBXNativeTarget "FomalhautOSX" */;
			buildPhases = (
				C1B285593E9146EE83F628DA /* Check Pods Manifest.lock */,
				CE02E0121870180400094EFD /* Sources */,
				CE02E0131870180400094EFD /* Frameworks */,
				CE02E0141870180400094EFD /* Resources */,
				4724137ED2A84B31A66010CC /* Copy Pods Resources */,
			);
			buildRules = (
			);
			dependencies = (
			);
			name = FomalhautOSX;
			productName = FomalhautOSX;
			productReference = CE02E0161870180400094EFD /* Fomalhaut.app */;
			productType = "com.apple.product-type.application";
		};
		CE02E03C1870180400094EFD /* FomalhautOSXTests */ = {
			isa = PBXNativeTarget;
			buildConfigurationList = CE02E0501870180400094EFD /* Build configuration list for PBXNativeTarget "FomalhautOSXTests" */;
			buildPhases = (
				CE02E0391870180400094EFD /* Sources */,
				CE02E03A1870180400094EFD /* Frameworks */,
				CE02E03B1870180400094EFD /* Resources */,
			);
			buildRules = (
			);
			dependencies = (
				CE02E0421870180400094EFD /* PBXTargetDependency */,
			);
			name = FomalhautOSXTests;
			productName = FomalhautOSXTests;
			productReference = CE02E03D1870180400094EFD /* FomalhautOSXTests.xctest */;
			productType = "com.apple.product-type.bundle.unit-test";
		};
/* End PBXNativeTarget section */

/* Begin PBXProject section */
		CE02E00E1870180400094EFD /* Project object */ = {
			isa = PBXProject;
			attributes = {
				CLASSPREFIX = MT;
				LastUpgradeCheck = 0500;
				ORGANIZATIONNAME = mtgto;
				TargetAttributes = {
					CE02E03C1870180400094EFD = {
						TestTargetID = CE02E0151870180400094EFD;
					};
				};
			};
			buildConfigurationList = CE02E0111870180400094EFD /* Build configuration list for PBXProject "FomalhautOSX" */;
			compatibilityVersion = "Xcode 3.2";
			developmentRegion = English;
			hasScannedForEncodings = 0;
			knownRegions = (
				en,
				Base,
			);
			mainGroup = CE02E00D1870180400094EFD;
			productRefGroup = CE02E0171870180400094EFD /* Products */;
			projectDirPath = "";
			projectRoot = "";
			targets = (
				CE02E0151870180400094EFD /* FomalhautOSX */,
				CE02E03C1870180400094EFD /* FomalhautOSXTests */,
			);
		};
/* End PBXProject section */

/* Begin PBXResourcesBuildPhase section */
		CE02E0141870180400094EFD /* Resources */ = {
			isa = PBXResourcesBuildPhase;
			buildActionMask = 2147483647;
			files = (
				CE67D8D31882588F0069A3D5 /* fomalhaut.min.js in Resources */,
				CE789F9E18792B91005E928E /* bootstrap.min.js in Resources */,
				CE789F9F18792B91005E928E /* jquery-2.0.3.min.js in Resources */,
				CE789F9B18792B87005E928E /* bootstrap.min.css in Resources */,
				CE789FCB187EEAFC005E928E /* MTPreferencesWindowController.xib in Resources */,
				CE67D8EF1882BAAB0069A3D5 /* MTAcknowledgementWindowController.xib in Resources */,
				CE789FE71880491F005E928E /* MTBookWindowController.xib in Resources */,
				CE67D8D81882A1070069A3D5 /* Localizable.strings in Resources */,
				CE789F9518792893005E928E /* list.html.mustache in Resources */,
				CE789FDF187F0E7E005E928E /* https.p12 in Resources */,
				CE67D8B91880FC1E0069A3D5 /* MainMenu.xib in Resources */,
				CE02E0381870180400094EFD /* Images.xcassets in Resources */,
				CE789FA718798E48005E928E /* book.html.mustache in Resources */,
				CE02E13018713ED200094EFD /* MTOSXMainWindowController.xib in Resources */,
				CE02E0241870180400094EFD /* InfoPlist.strings in Resources */,
				CE02E02A1870180400094EFD /* Credits.rtf in Resources */,
				CE789FAA18799999005E928E /* glyphicons-halflings-regular.woff in Resources */,
				CE67D8F11882BCC40069A3D5 /* acknowledgements.rtf in Resources */,
				CEE2DC89188443C20082D5BB /* MTSmartBookmarkWindowController.xib in Resources */,
				CE789FAF187B9582005E928E /* 404.html.mustache in Resources */,
				CE789F9A18792B87005E928E /* bootstrap-theme.min.css in Resources */,
			);
			runOnlyForDeploymentPostprocessing = 0;
		};
		CE02E03B1870180400094EFD /* Resources */ = {
			isa = PBXResourcesBuildPhase;
			buildActionMask = 2147483647;
			files = (
				CE02E0481870180400094EFD /* InfoPlist.strings in Resources */,
			);
			runOnlyForDeploymentPostprocessing = 0;
		};
/* End PBXResourcesBuildPhase section */

/* Begin PBXShellScriptBuildPhase section */
		4724137ED2A84B31A66010CC /* Copy Pods Resources */ = {
			isa = PBXShellScriptBuildPhase;
			buildActionMask = 2147483647;
			files = (
			);
			inputPaths = (
			);
			name = "Copy Pods Resources";
			outputPaths = (
			);
			runOnlyForDeploymentPostprocessing = 0;
			shellPath = /bin/sh;
			shellScript = "\"${SRCROOT}/../Pods/Pods-FomalhautOSX-resources.sh\"\n";
			showEnvVarsInLog = 0;
		};
		C1B285593E9146EE83F628DA /* Check Pods Manifest.lock */ = {
			isa = PBXShellScriptBuildPhase;
			buildActionMask = 2147483647;
			files = (
			);
			inputPaths = (
			);
			name = "Check Pods Manifest.lock";
			outputPaths = (
			);
			runOnlyForDeploymentPostprocessing = 0;
			shellPath = /bin/sh;
			shellScript = "diff \"${PODS_ROOT}/../Podfile.lock\" \"${PODS_ROOT}/Manifest.lock\" > /dev/null\nif [[ $? != 0 ]] ; then\n    cat << EOM\nerror: The sandbox is not in sync with the Podfile.lock. Run 'pod install' or update your CocoaPods installation.\nEOM\n    exit 1\nfi\n";
			showEnvVarsInLog = 0;
		};
/* End PBXShellScriptBuildPhase section */

/* Begin PBXSourcesBuildPhase section */
		CE02E0121870180400094EFD /* Sources */ = {
			isa = PBXSourcesBuildPhase;
			buildActionMask = 2147483647;
			files = (
				CE9E23711871565F0069BED0 /* MTFileArrayController.m in Sources */,
				CE67D8D6188261780069A3D5 /* NSImage+Resize.m in Sources */,
				CE02E12F18713ED200094EFD /* MTOSXMainWindowController.m in Sources */,
				CE789FAD187AEAD9005E928E /* MTWebServer.m in Sources */,
				CE67D8BF188136AC0069A3D5 /* MTImageView.m in Sources */,
				CE789FC2187C5422005E928E /* MTBookmarkUnread.m in Sources */,
				CE67D8BC188105E20069A3D5 /* MTSpreadPage.m in Sources */,
				CE02E12818710DAA00094EFD /* MTOSXAppDelegate.m in Sources */,
				CE67D8EA1882AAA50069A3D5 /* MTFile.m in Sources */,
				CE67D8B61880E5400069A3D5 /* MTZipEntryPage.m in Sources */,
				CE97ED1718841D120008DB37 /* MTSmartBookmark+Addition.m in Sources */,
				CE67D8C218823AA00069A3D5 /* MTUnreadColumnFormatter.m in Sources */,
				CE97ED1A18841D290008DB37 /* MTNormalBookmark+Addition.m in Sources */,
				CE02E0261870180400094EFD /* main.m in Sources */,
				CE789FE61880491F005E928E /* MTBookWindowController.m in Sources */,
				CE02E02D1870180400094EFD /* MTDocument.m in Sources */,
				CE789FA518796F6A005E928E /* MTFile+Addition.m in Sources */,
				CE67D8CB188241210069A3D5 /* MTZipDocument.m in Sources */,
				CE789FDC187F0D21005E928E /* RoutingConnection+Secure.m in Sources */,
				CE789FCA187EEAFC005E928E /* MTPreferencesWindowController.m in Sources */,
				CE789FCE187EF101005E928E /* static.m in Sources */,
				CE67D8F418838F5B0069A3D5 /* MTOutlineBottomBarView.m in Sources */,
				CEE2DC88188443C20082D5BB /* MTSmartBookmarkWindowController.m in Sources */,
				CE97ED2018841DCC0008DB37 /* MTSmartBookmark.m in Sources */,
				CE789FE21880450A005E928E /* MTUUID.m in Sources */,
				CE9E23741871770E0069BED0 /* NSArray+Function.m in Sources */,
				CE97ED1D18841DCA0008DB37 /* MTNormalBookmark.m in Sources */,
				CE789FBF187C53C8005E928E /* MTBookmarkAll.m in Sources */,
				CE67D8C6188240F00069A3D5 /* MTPDFDocument.m in Sources */,
				CE67D8EE1882BAAB0069A3D5 /* MTAcknowledgementWindowController.m in Sources */,
				CE67D8D1188243990069A3D5 /* MTPDFPage.m in Sources */,
				CE67D8B31880E4F40069A3D5 /* MTPage.m in Sources */,
				CEE2DC8C188455ED0082D5BB /* MTBookmarkOutlineView.m in Sources */,
				CE02E0361870180400094EFD /* MTDocument.xcdatamodeld in Sources */,
				CE789FC5187C6590005E928E /* MTZeroWidthSplitView.m in Sources */,
			);
			runOnlyForDeploymentPostprocessing = 0;
		};
		CE02E0391870180400094EFD /* Sources */ = {
			isa = PBXSourcesBuildPhase;
			buildActionMask = 2147483647;
			files = (
				CE02E04A1870180400094EFD /* FomalhautOSXTests.m in Sources */,
			);
			runOnlyForDeploymentPostprocessing = 0;
		};
/* End PBXSourcesBuildPhase section */

/* Begin PBXTargetDependency section */
		CE02E0421870180400094EFD /* PBXTargetDependency */ = {
			isa = PBXTargetDependency;
			target = CE02E0151870180400094EFD /* FomalhautOSX */;
			targetProxy = CE02E0411870180400094EFD /* PBXContainerItemProxy */;
		};
/* End PBXTargetDependency section */

/* Begin PBXVariantGroup section */
		CE02E0221870180400094EFD /* InfoPlist.strings */ = {
			isa = PBXVariantGroup;
			children = (
				CE02E0231870180400094EFD /* en */,
			);
			name = InfoPlist.strings;
			sourceTree = "<group>";
		};
		CE02E0281870180400094EFD /* Credits.rtf */ = {
			isa = PBXVariantGroup;
			children = (
				CE02E0291870180400094EFD /* en */,
			);
			name = Credits.rtf;
			sourceTree = "<group>";
		};
		CE02E0461870180400094EFD /* InfoPlist.strings */ = {
			isa = PBXVariantGroup;
			children = (
				CE02E0471870180400094EFD /* en */,
			);
			name = InfoPlist.strings;
			sourceTree = "<group>";
		};
		CE67D8B71880FC1E0069A3D5 /* MainMenu.xib */ = {
			isa = PBXVariantGroup;
			children = (
				CE67D8B81880FC1E0069A3D5 /* Base */,
			);
			name = MainMenu.xib;
			sourceTree = "<group>";
		};
/* End PBXVariantGroup section */

/* Begin XCBuildConfiguration section */
		CE02E04B1870180400094EFD /* Debug */ = {
			isa = XCBuildConfiguration;
			buildSettings = {
				ALWAYS_SEARCH_USER_PATHS = NO;
				CLANG_CXX_LANGUAGE_STANDARD = "gnu++0x";
				CLANG_CXX_LIBRARY = "libc++";
				CLANG_ENABLE_OBJC_ARC = YES;
				CLANG_WARN_BOOL_CONVERSION = YES;
				CLANG_WARN_CONSTANT_CONVERSION = YES;
				CLANG_WARN_DIRECT_OBJC_ISA_USAGE = YES_ERROR;
				CLANG_WARN_EMPTY_BODY = YES;
				CLANG_WARN_ENUM_CONVERSION = YES;
				CLANG_WARN_INT_CONVERSION = YES;
				CLANG_WARN_OBJC_ROOT_CLASS = YES_ERROR;
				CLANG_WARN__DUPLICATE_METHOD_MATCH = YES;
				COPY_PHASE_STRIP = NO;
				GCC_C_LANGUAGE_STANDARD = gnu99;
				GCC_DYNAMIC_NO_PIC = NO;
				GCC_ENABLE_OBJC_EXCEPTIONS = YES;
				GCC_OPTIMIZATION_LEVEL = 0;
				GCC_PREPROCESSOR_DEFINITIONS = (
					"DEBUG=1",
					"$(inherited)",
				);
				GCC_SYMBOLS_PRIVATE_EXTERN = NO;
				GCC_WARN_64_TO_32_BIT_CONVERSION = YES;
				GCC_WARN_ABOUT_RETURN_TYPE = YES_ERROR;
				GCC_WARN_UNDECLARED_SELECTOR = YES;
				GCC_WARN_UNINITIALIZED_AUTOS = YES;
				GCC_WARN_UNUSED_FUNCTION = YES;
				GCC_WARN_UNUSED_VARIABLE = YES;
				MACOSX_DEPLOYMENT_TARGET = 10.7;
				ONLY_ACTIVE_ARCH = YES;
				SDKROOT = macosx;
			};
			name = Debug;
		};
		CE02E04C1870180400094EFD /* Release */ = {
			isa = XCBuildConfiguration;
			buildSettings = {
				ALWAYS_SEARCH_USER_PATHS = NO;
				CLANG_CXX_LANGUAGE_STANDARD = "gnu++0x";
				CLANG_CXX_LIBRARY = "libc++";
				CLANG_ENABLE_OBJC_ARC = YES;
				CLANG_WARN_BOOL_CONVERSION = YES;
				CLANG_WARN_CONSTANT_CONVERSION = YES;
				CLANG_WARN_DIRECT_OBJC_ISA_USAGE = YES_ERROR;
				CLANG_WARN_EMPTY_BODY = YES;
				CLANG_WARN_ENUM_CONVERSION = YES;
				CLANG_WARN_INT_CONVERSION = YES;
				CLANG_WARN_OBJC_ROOT_CLASS = YES_ERROR;
				CLANG_WARN__DUPLICATE_METHOD_MATCH = YES;
				COPY_PHASE_STRIP = YES;
				DEBUG_INFORMATION_FORMAT = "dwarf-with-dsym";
				ENABLE_NS_ASSERTIONS = NO;
				GCC_C_LANGUAGE_STANDARD = gnu99;
				GCC_ENABLE_OBJC_EXCEPTIONS = YES;
				GCC_WARN_64_TO_32_BIT_CONVERSION = YES;
				GCC_WARN_ABOUT_RETURN_TYPE = YES_ERROR;
				GCC_WARN_UNDECLARED_SELECTOR = YES;
				GCC_WARN_UNINITIALIZED_AUTOS = YES;
				GCC_WARN_UNUSED_FUNCTION = YES;
				GCC_WARN_UNUSED_VARIABLE = YES;
				MACOSX_DEPLOYMENT_TARGET = 10.7;
				SDKROOT = macosx;
			};
			name = Release;
		};
		CE02E04E1870180400094EFD /* Debug */ = {
			isa = XCBuildConfiguration;
			baseConfigurationReference = 14DFC61476834A4383EA4957 /* Pods-FomalhautOSX.xcconfig */;
			buildSettings = {
				ASSETCATALOG_COMPILER_APPICON_NAME = AppIcon;
				CLANG_ENABLE_MODULES = YES;
				COMBINE_HIDPI_IMAGES = YES;
				GCC_PRECOMPILE_PREFIX_HEADER = YES;
				GCC_PREFIX_HEADER = "FomalhautOSX/FomalhautOSX-Prefix.pch";
				INFOPLIST_FILE = "FomalhautOSX/FomalhautOSX-Info.plist";
				PRODUCT_NAME = Fomalhaut;
				WRAPPER_EXTENSION = app;
			};
			name = Debug;
		};
		CE02E04F1870180400094EFD /* Release */ = {
			isa = XCBuildConfiguration;
			baseConfigurationReference = 14DFC61476834A4383EA4957 /* Pods-FomalhautOSX.xcconfig */;
			buildSettings = {
				ASSETCATALOG_COMPILER_APPICON_NAME = AppIcon;
				CLANG_ENABLE_MODULES = YES;
				COMBINE_HIDPI_IMAGES = YES;
				GCC_PRECOMPILE_PREFIX_HEADER = YES;
				GCC_PREFIX_HEADER = "FomalhautOSX/FomalhautOSX-Prefix.pch";
				INFOPLIST_FILE = "FomalhautOSX/FomalhautOSX-Info.plist";
				PRODUCT_NAME = Fomalhaut;
				WRAPPER_EXTENSION = app;
			};
			name = Release;
		};
		CE02E0511870180400094EFD /* Debug */ = {
			isa = XCBuildConfiguration;
			buildSettings = {
				BUNDLE_LOADER = "$(BUILT_PRODUCTS_DIR)/FomalhautOSX.app/Contents/MacOS/FomalhautOSX";
				COMBINE_HIDPI_IMAGES = YES;
				FRAMEWORK_SEARCH_PATHS = (
					"$(DEVELOPER_FRAMEWORKS_DIR)",
					"$(inherited)",
				);
				GCC_PRECOMPILE_PREFIX_HEADER = YES;
				GCC_PREFIX_HEADER = "FomalhautOSX/FomalhautOSX-Prefix.pch";
				GCC_PREPROCESSOR_DEFINITIONS = (
					"DEBUG=1",
					"$(inherited)",
				);
				INFOPLIST_FILE = "FomalhautOSXTests/FomalhautOSXTests-Info.plist";
				PRODUCT_NAME = "$(TARGET_NAME)";
				TEST_HOST = "$(BUNDLE_LOADER)";
				WRAPPER_EXTENSION = xctest;
			};
			name = Debug;
		};
		CE02E0521870180400094EFD /* Release */ = {
			isa = XCBuildConfiguration;
			buildSettings = {
				BUNDLE_LOADER = "$(BUILT_PRODUCTS_DIR)/FomalhautOSX.app/Contents/MacOS/FomalhautOSX";
				COMBINE_HIDPI_IMAGES = YES;
				FRAMEWORK_SEARCH_PATHS = (
					"$(DEVELOPER_FRAMEWORKS_DIR)",
					"$(inherited)",
				);
				GCC_PRECOMPILE_PREFIX_HEADER = YES;
				GCC_PREFIX_HEADER = "FomalhautOSX/FomalhautOSX-Prefix.pch";
				INFOPLIST_FILE = "FomalhautOSXTests/FomalhautOSXTests-Info.plist";
				PRODUCT_NAME = "$(TARGET_NAME)";
				TEST_HOST = "$(BUNDLE_LOADER)";
				WRAPPER_EXTENSION = xctest;
			};
			name = Release;
		};
/* End XCBuildConfiguration section */

/* Begin XCConfigurationList section */
		CE02E0111870180400094EFD /* Build configuration list for PBXProject "FomalhautOSX" */ = {
			isa = XCConfigurationList;
			buildConfigurations = (
				CE02E04B1870180400094EFD /* Debug */,
				CE02E04C1870180400094EFD /* Release */,
			);
			defaultConfigurationIsVisible = 0;
			defaultConfigurationName = Release;
		};
		CE02E04D1870180400094EFD /* Build configuration list for PBXNativeTarget "FomalhautOSX" */ = {
			isa = XCConfigurationList;
			buildConfigurations = (
				CE02E04E1870180400094EFD /* Debug */,
				CE02E04F1870180400094EFD /* Release */,
			);
			defaultConfigurationIsVisible = 0;
			defaultConfigurationName = Release;
		};
		CE02E0501870180400094EFD /* Build configuration list for PBXNativeTarget "FomalhautOSXTests" */ = {
			isa = XCConfigurationList;
			buildConfigurations = (
				CE02E0511870180400094EFD /* Debug */,
				CE02E0521870180400094EFD /* Release */,
			);
			defaultConfigurationIsVisible = 0;
			defaultConfigurationName = Release;
		};
/* End XCConfigurationList section */

/* Begin XCVersionGroup section */
		CE02E0341870180400094EFD /* MTDocument.xcdatamodeld */ = {
			isa = XCVersionGroup;
			children = (
				CE67D8F51884177C0069A3D5 /* MTDocument 2.xcdatamodel */,
				CE02E0351870180400094EFD /* MTDocument.xcdatamodel */,
			);
			currentVersion = CE67D8F51884177C0069A3D5 /* MTDocument 2.xcdatamodel */;
			path = MTDocument.xcdatamodeld;
			sourceTree = "<group>";
			versionGroupType = wrapper.xcdatamodel;
		};
/* End XCVersionGroup section */
	};
	rootObject = CE02E00E1870180400094EFD /* Project object */;
}
