<?xml version="1.0" encoding="UTF-8"?>
<!DOCTYPE plist PUBLIC "-//Apple//DTD PLIST 1.0//EN" "http://www.apple.com/DTDs/PropertyList-1.0.dtd">
<plist version="1.0">
<dict>
	<key>archiveVersion</key>
	<string>1</string>
	<key>classes</key>
	<dict/>
	<key>objectVersion</key>
	<string>46</string>
	<key>objects</key>
	<dict>
		<key>032CF6233B034E949026F248</key>
		<dict>
			<key>buildActionMask</key>
			<string>2147483647</string>
			<key>files</key>
			<array/>
			<key>inputPaths</key>
			<array/>
			<key>isa</key>
			<string>PBXShellScriptBuildPhase</string>
			<key>name</key>
			<string>Copy Pods Resources</string>
			<key>outputPaths</key>
			<array/>
			<key>runOnlyForDeploymentPostprocessing</key>
			<string>0</string>
			<key>shellPath</key>
			<string>/bin/sh</string>
			<key>shellScript</key>
			<string>"${SRCROOT}/../Pods/Pods-resources.sh"
</string>
			<key>showEnvVarsInLog</key>
			<string>0</string>
		</dict>
		<key>1AA24A346F10455394323106</key>
		<dict>
			<key>fileRef</key>
			<string>68C7391CDBC241B39EE66C28</string>
			<key>isa</key>
			<string>PBXBuildFile</string>
		</dict>
		<key>68C7391CDBC241B39EE66C28</key>
		<dict>
			<key>explicitFileType</key>
			<string>archive.ar</string>
			<key>includeInIndex</key>
			<string>0</string>
			<key>isa</key>
			<string>PBXFileReference</string>
			<key>path</key>
			<string>libPods.a</string>
			<key>sourceTree</key>
			<string>BUILT_PRODUCTS_DIR</string>
		</dict>
		<key>78FE9A6B4971442F8E4AE1E0</key>
		<dict>
			<key>includeInIndex</key>
			<string>1</string>
			<key>isa</key>
			<string>PBXFileReference</string>
			<key>lastKnownFileType</key>
			<string>text.xcconfig</string>
			<key>name</key>
			<string>Pods.xcconfig</string>
			<key>path</key>
			<string>../Pods/Pods.xcconfig</string>
			<key>sourceTree</key>
			<string>&lt;group&gt;</string>
		</dict>
		<key>CBA91376F7EA494AAD7556A7</key>
		<dict>
			<key>buildActionMask</key>
			<string>2147483647</string>
			<key>files</key>
			<array/>
			<key>inputPaths</key>
			<array/>
			<key>isa</key>
			<string>PBXShellScriptBuildPhase</string>
			<key>name</key>
			<string>Check Pods Manifest.lock</string>
			<key>outputPaths</key>
			<array/>
			<key>runOnlyForDeploymentPostprocessing</key>
			<string>0</string>
			<key>shellPath</key>
			<string>/bin/sh</string>
			<key>shellScript</key>
			<string>diff "${PODS_ROOT}/../Podfile.lock" "${PODS_ROOT}/Manifest.lock" &gt; /dev/null
if [[ $? != 0 ]] ; then
    cat &lt;&lt; EOM
error: The sandbox is not in sync with the Podfile.lock. Run 'pod install' or update your CocoaPods installation.
EOM
    exit 1
fi
</string>
			<key>showEnvVarsInLog</key>
			<string>0</string>
		</dict>
		<key>CED85D37186C7D7B00F5DFE4</key>
		<dict>
			<key>children</key>
			<array>
				<string>CED85D49186C7D7B00F5DFE4</string>
				<string>CED85D6B186C7D7C00F5DFE4</string>
				<string>CED85D42186C7D7B00F5DFE4</string>
				<string>CED85D41186C7D7B00F5DFE4</string>
				<string>78FE9A6B4971442F8E4AE1E0</string>
			</array>
			<key>isa</key>
			<string>PBXGroup</string>
			<key>sourceTree</key>
			<string>&lt;group&gt;</string>
		</dict>
		<key>CED85D38186C7D7B00F5DFE4</key>
		<dict>
			<key>attributes</key>
			<dict>
				<key>CLASSPREFIX</key>
				<string>MT</string>
				<key>LastUpgradeCheck</key>
				<string>0500</string>
				<key>ORGANIZATIONNAME</key>
				<string>mtgto</string>
				<key>TargetAttributes</key>
				<dict>
					<key>CED85D63186C7D7C00F5DFE4</key>
					<dict>
						<key>TestTargetID</key>
						<string>CED85D3F186C7D7B00F5DFE4</string>
					</dict>
				</dict>
			</dict>
			<key>buildConfigurationList</key>
			<string>CED85D3B186C7D7B00F5DFE4</string>
			<key>compatibilityVersion</key>
			<string>Xcode 3.2</string>
			<key>developmentRegion</key>
			<string>English</string>
			<key>hasScannedForEncodings</key>
			<string>0</string>
			<key>isa</key>
			<string>PBXProject</string>
			<key>knownRegions</key>
			<array>
				<string>en</string>
				<string>Base</string>
			</array>
			<key>mainGroup</key>
			<string>CED85D37186C7D7B00F5DFE4</string>
			<key>productRefGroup</key>
			<string>CED85D41186C7D7B00F5DFE4</string>
			<key>projectDirPath</key>
			<string></string>
			<key>projectReferences</key>
			<array/>
			<key>projectRoot</key>
			<string></string>
			<key>targets</key>
			<array>
				<string>CED85D3F186C7D7B00F5DFE4</string>
				<string>CED85D63186C7D7C00F5DFE4</string>
			</array>
		</dict>
		<key>CED85D3B186C7D7B00F5DFE4</key>
		<dict>
			<key>buildConfigurations</key>
			<array>
				<string>CED85D73186C7D7C00F5DFE4</string>
				<string>CED85D74186C7D7C00F5DFE4</string>
			</array>
			<key>defaultConfigurationIsVisible</key>
			<string>0</string>
			<key>defaultConfigurationName</key>
			<string>Release</string>
			<key>isa</key>
			<string>XCConfigurationList</string>
		</dict>
		<key>CED85D3C186C7D7B00F5DFE4</key>
		<dict>
			<key>buildActionMask</key>
			<string>2147483647</string>
			<key>files</key>
			<array>
				<string>CED85D50186C7D7C00F5DFE4</string>
				<string>CED85D5D186C7D7C00F5DFE4</string>
				<string>CED85D54186C7D7C00F5DFE4</string>
			</array>
			<key>isa</key>
			<string>PBXSourcesBuildPhase</string>
			<key>runOnlyForDeploymentPostprocessing</key>
			<string>0</string>
		</dict>
		<key>CED85D3D186C7D7B00F5DFE4</key>
		<dict>
			<key>buildActionMask</key>
			<string>2147483647</string>
			<key>files</key>
			<array>
				<string>CED85D46186C7D7B00F5DFE4</string>
				<string>CED85D48186C7D7B00F5DFE4</string>
				<string>CED85D44186C7D7B00F5DFE4</string>
				<string>1AA24A346F10455394323106</string>
			</array>
			<key>isa</key>
			<string>PBXFrameworksBuildPhase</string>
			<key>runOnlyForDeploymentPostprocessing</key>
			<string>0</string>
		</dict>
		<key>CED85D3E186C7D7B00F5DFE4</key>
		<dict>
			<key>buildActionMask</key>
			<string>2147483647</string>
			<key>files</key>
			<array>
				<string>CED85D5A186C7D7C00F5DFE4</string>
				<string>CED85D5F186C7D7C00F5DFE4</string>
				<string>CED85D57186C7D7C00F5DFE4</string>
				<string>CED85D4E186C7D7C00F5DFE4</string>
			</array>
			<key>isa</key>
			<string>PBXResourcesBuildPhase</string>
			<key>runOnlyForDeploymentPostprocessing</key>
			<string>0</string>
		</dict>
		<key>CED85D3F186C7D7B00F5DFE4</key>
		<dict>
			<key>buildConfigurationList</key>
			<string>CED85D75186C7D7C00F5DFE4</string>
			<key>buildPhases</key>
			<array>
				<string>CBA91376F7EA494AAD7556A7</string>
				<string>CED85D3C186C7D7B00F5DFE4</string>
				<string>CED85D3D186C7D7B00F5DFE4</string>
				<string>CED85D3E186C7D7B00F5DFE4</string>
				<string>032CF6233B034E949026F248</string>
			</array>
			<key>buildRules</key>
			<array/>
			<key>dependencies</key>
			<array/>
			<key>isa</key>
			<string>PBXNativeTarget</string>
			<key>name</key>
			<string>FomalhautIOS</string>
			<key>productName</key>
			<string>FomalhautIOS</string>
			<key>productReference</key>
			<string>CED85D40186C7D7B00F5DFE4</string>
			<key>productType</key>
			<string>com.apple.product-type.application</string>
		</dict>
		<key>CED85D40186C7D7B00F5DFE4</key>
		<dict>
			<key>explicitFileType</key>
			<string>wrapper.application</string>
			<key>includeInIndex</key>
			<string>0</string>
			<key>isa</key>
			<string>PBXFileReference</string>
			<key>path</key>
			<string>FomalhautIOS.app</string>
			<key>sourceTree</key>
			<string>BUILT_PRODUCTS_DIR</string>
		</dict>
		<key>CED85D41186C7D7B00F5DFE4</key>
		<dict>
			<key>children</key>
			<array>
				<string>CED85D40186C7D7B00F5DFE4</string>
				<string>CED85D64186C7D7C00F5DFE4</string>
			</array>
			<key>isa</key>
			<string>PBXGroup</string>
			<key>name</key>
			<string>Products</string>
			<key>sourceTree</key>
			<string>&lt;group&gt;</string>
		</dict>
		<key>CED85D42186C7D7B00F5DFE4</key>
		<dict>
			<key>children</key>
			<array>
				<string>CED85D43186C7D7B00F5DFE4</string>
				<string>CED85D45186C7D7B00F5DFE4</string>
				<string>CED85D47186C7D7B00F5DFE4</string>
				<string>CED85D65186C7D7C00F5DFE4</string>
				<string>68C7391CDBC241B39EE66C28</string>
			</array>
			<key>isa</key>
			<string>PBXGroup</string>
			<key>name</key>
			<string>Frameworks</string>
			<key>sourceTree</key>
			<string>&lt;group&gt;</string>
		</dict>
		<key>CED85D43186C7D7B00F5DFE4</key>
		<dict>
			<key>isa</key>
			<string>PBXFileReference</string>
			<key>lastKnownFileType</key>
			<string>wrapper.framework</string>
			<key>name</key>
			<string>Foundation.framework</string>
			<key>path</key>
			<string>System/Library/Frameworks/Foundation.framework</string>
			<key>sourceTree</key>
			<string>SDKROOT</string>
		</dict>
		<key>CED85D44186C7D7B00F5DFE4</key>
		<dict>
			<key>fileRef</key>
			<string>CED85D43186C7D7B00F5DFE4</string>
			<key>isa</key>
			<string>PBXBuildFile</string>
		</dict>
		<key>CED85D45186C7D7B00F5DFE4</key>
		<dict>
			<key>isa</key>
			<string>PBXFileReference</string>
			<key>lastKnownFileType</key>
			<string>wrapper.framework</string>
			<key>name</key>
			<string>CoreGraphics.framework</string>
			<key>path</key>
			<string>System/Library/Frameworks/CoreGraphics.framework</string>
			<key>sourceTree</key>
			<string>SDKROOT</string>
		</dict>
		<key>CED85D46186C7D7B00F5DFE4</key>
		<dict>
			<key>fileRef</key>
			<string>CED85D45186C7D7B00F5DFE4</string>
			<key>isa</key>
			<string>PBXBuildFile</string>
		</dict>
		<key>CED85D47186C7D7B00F5DFE4</key>
		<dict>
			<key>isa</key>
			<string>PBXFileReference</string>
			<key>lastKnownFileType</key>
			<string>wrapper.framework</string>
			<key>name</key>
			<string>UIKit.framework</string>
			<key>path</key>
			<string>System/Library/Frameworks/UIKit.framework</string>
			<key>sourceTree</key>
			<string>SDKROOT</string>
		</dict>
		<key>CED85D48186C7D7B00F5DFE4</key>
		<dict>
			<key>fileRef</key>
			<string>CED85D47186C7D7B00F5DFE4</string>
			<key>isa</key>
			<string>PBXBuildFile</string>
		</dict>
		<key>CED85D49186C7D7B00F5DFE4</key>
		<dict>
			<key>children</key>
			<array>
				<string>CED85D52186C7D7C00F5DFE4</string>
				<string>CED85D53186C7D7C00F5DFE4</string>
				<string>CED85D55186C7D7C00F5DFE4</string>
				<string>CED85D58186C7D7C00F5DFE4</string>
				<string>CED85D5B186C7D7C00F5DFE4</string>
				<string>CED85D5C186C7D7C00F5DFE4</string>
				<string>CED85D5E186C7D7C00F5DFE4</string>
				<string>CED85D4A186C7D7C00F5DFE4</string>
			</array>
			<key>isa</key>
			<string>PBXGroup</string>
			<key>path</key>
			<string>FomalhautIOS</string>
			<key>sourceTree</key>
			<string>&lt;group&gt;</string>
		</dict>
		<key>CED85D4A186C7D7C00F5DFE4</key>
		<dict>
			<key>children</key>
			<array>
				<string>CED85D4B186C7D7C00F5DFE4</string>
				<string>CED85D4C186C7D7C00F5DFE4</string>
				<string>CED85D4F186C7D7C00F5DFE4</string>
				<string>CED85D51186C7D7C00F5DFE4</string>
			</array>
			<key>isa</key>
			<string>PBXGroup</string>
			<key>name</key>
			<string>Supporting Files</string>
			<key>sourceTree</key>
			<string>&lt;group&gt;</string>
		</dict>
		<key>CED85D4B186C7D7C00F5DFE4</key>
		<dict>
			<key>isa</key>
			<string>PBXFileReference</string>
			<key>lastKnownFileType</key>
			<string>text.plist.xml</string>
			<key>path</key>
			<string>FomalhautIOS-Info.plist</string>
			<key>sourceTree</key>
			<string>&lt;group&gt;</string>
		</dict>
		<key>CED85D4C186C7D7C00F5DFE4</key>
		<dict>
			<key>children</key>
			<array>
				<string>CED85D4D186C7D7C00F5DFE4</string>
			</array>
			<key>isa</key>
			<string>PBXVariantGroup</string>
			<key>name</key>
			<string>InfoPlist.strings</string>
			<key>sourceTree</key>
			<string>&lt;group&gt;</string>
		</dict>
		<key>CED85D4D186C7D7C00F5DFE4</key>
		<dict>
			<key>isa</key>
			<string>PBXFileReference</string>
			<key>lastKnownFileType</key>
			<string>text.plist.strings</string>
			<key>name</key>
			<string>en</string>
			<key>path</key>
			<string>en.lproj/InfoPlist.strings</string>
			<key>sourceTree</key>
			<string>&lt;group&gt;</string>
		</dict>
		<key>CED85D4E186C7D7C00F5DFE4</key>
		<dict>
			<key>fileRef</key>
			<string>CED85D4C186C7D7C00F5DFE4</string>
			<key>isa</key>
			<string>PBXBuildFile</string>
		</dict>
		<key>CED85D4F186C7D7C00F5DFE4</key>
		<dict>
			<key>isa</key>
			<string>PBXFileReference</string>
			<key>lastKnownFileType</key>
			<string>sourcecode.c.objc</string>
			<key>path</key>
			<string>main.m</string>
			<key>sourceTree</key>
			<string>&lt;group&gt;</string>
		</dict>
		<key>CED85D50186C7D7C00F5DFE4</key>
		<dict>
			<key>fileRef</key>
			<string>CED85D4F186C7D7C00F5DFE4</string>
			<key>isa</key>
			<string>PBXBuildFile</string>
		</dict>
		<key>CED85D51186C7D7C00F5DFE4</key>
		<dict>
			<key>isa</key>
			<string>PBXFileReference</string>
			<key>lastKnownFileType</key>
			<string>sourcecode.c.h</string>
			<key>path</key>
			<string>FomalhautIOS-Prefix.pch</string>
			<key>sourceTree</key>
			<string>&lt;group&gt;</string>
		</dict>
		<key>CED85D52186C7D7C00F5DFE4</key>
		<dict>
			<key>isa</key>
			<string>PBXFileReference</string>
			<key>lastKnownFileType</key>
			<string>sourcecode.c.h</string>
			<key>path</key>
			<string>MTAppDelegate.h</string>
			<key>sourceTree</key>
			<string>&lt;group&gt;</string>
		</dict>
		<key>CED85D53186C7D7C00F5DFE4</key>
		<dict>
			<key>isa</key>
			<string>PBXFileReference</string>
			<key>lastKnownFileType</key>
			<string>sourcecode.c.objc</string>
			<key>path</key>
			<string>MTAppDelegate.m</string>
			<key>sourceTree</key>
			<string>&lt;group&gt;</string>
		</dict>
		<key>CED85D54186C7D7C00F5DFE4</key>
		<dict>
			<key>fileRef</key>
			<string>CED85D53186C7D7C00F5DFE4</string>
			<key>isa</key>
			<string>PBXBuildFile</string>
		</dict>
		<key>CED85D55186C7D7C00F5DFE4</key>
		<dict>
			<key>children</key>
			<array>
				<string>CED85D56186C7D7C00F5DFE4</string>
			</array>
			<key>isa</key>
			<string>PBXVariantGroup</string>
			<key>name</key>
			<string>Main_iPhone.storyboard</string>
			<key>sourceTree</key>
			<string>&lt;group&gt;</string>
		</dict>
		<key>CED85D56186C7D7C00F5DFE4</key>
		<dict>
			<key>isa</key>
			<string>PBXFileReference</string>
			<key>lastKnownFileType</key>
			<string>file.storyboard</string>
			<key>name</key>
			<string>Base</string>
			<key>path</key>
			<string>Base.lproj/Main_iPhone.storyboard</string>
			<key>sourceTree</key>
			<string>&lt;group&gt;</string>
		</dict>
		<key>CED85D57186C7D7C00F5DFE4</key>
		<dict>
			<key>fileRef</key>
			<string>CED85D55186C7D7C00F5DFE4</string>
			<key>isa</key>
			<string>PBXBuildFile</string>
		</dict>
		<key>CED85D58186C7D7C00F5DFE4</key>
		<dict>
			<key>children</key>
			<array>
				<string>CED85D59186C7D7C00F5DFE4</string>
			</array>
			<key>isa</key>
			<string>PBXVariantGroup</string>
			<key>name</key>
			<string>Main_iPad.storyboard</string>
			<key>sourceTree</key>
			<string>&lt;group&gt;</string>
		</dict>
		<key>CED85D59186C7D7C00F5DFE4</key>
		<dict>
			<key>isa</key>
			<string>PBXFileReference</string>
			<key>lastKnownFileType</key>
			<string>file.storyboard</string>
			<key>name</key>
			<string>Base</string>
			<key>path</key>
			<string>Base.lproj/Main_iPad.storyboard</string>
			<key>sourceTree</key>
			<string>&lt;group&gt;</string>
		</dict>
		<key>CED85D5A186C7D7C00F5DFE4</key>
		<dict>
			<key>fileRef</key>
			<string>CED85D58186C7D7C00F5DFE4</string>
			<key>isa</key>
			<string>PBXBuildFile</string>
		</dict>
		<key>CED85D5B186C7D7C00F5DFE4</key>
		<dict>
			<key>isa</key>
			<string>PBXFileReference</string>
			<key>lastKnownFileType</key>
			<string>sourcecode.c.h</string>
			<key>path</key>
			<string>MTViewController.h</string>
			<key>sourceTree</key>
			<string>&lt;group&gt;</string>
		</dict>
		<key>CED85D5C186C7D7C00F5DFE4</key>
		<dict>
			<key>isa</key>
			<string>PBXFileReference</string>
			<key>lastKnownFileType</key>
			<string>sourcecode.c.objc</string>
			<key>path</key>
			<string>MTViewController.m</string>
			<key>sourceTree</key>
			<string>&lt;group&gt;</string>
		</dict>
		<key>CED85D5D186C7D7C00F5DFE4</key>
		<dict>
			<key>fileRef</key>
			<string>CED85D5C186C7D7C00F5DFE4</string>
			<key>isa</key>
			<string>PBXBuildFile</string>
		</dict>
		<key>CED85D5E186C7D7C00F5DFE4</key>
		<dict>
			<key>isa</key>
			<string>PBXFileReference</string>
			<key>lastKnownFileType</key>
			<string>folder.assetcatalog</string>
			<key>path</key>
			<string>Images.xcassets</string>
			<key>sourceTree</key>
			<string>&lt;group&gt;</string>
		</dict>
		<key>CED85D5F186C7D7C00F5DFE4</key>
		<dict>
			<key>fileRef</key>
			<string>CED85D5E186C7D7C00F5DFE4</string>
			<key>isa</key>
			<string>PBXBuildFile</string>
		</dict>
		<key>CED85D60186C7D7C00F5DFE4</key>
		<dict>
			<key>buildActionMask</key>
			<string>2147483647</string>
			<key>files</key>
			<array>
				<string>CED85D72186C7D7C00F5DFE4</string>
			</array>
			<key>isa</key>
			<string>PBXSourcesBuildPhase</string>
			<key>runOnlyForDeploymentPostprocessing</key>
			<string>0</string>
		</dict>
		<key>CED85D61186C7D7C00F5DFE4</key>
		<dict>
			<key>buildActionMask</key>
			<string>2147483647</string>
			<key>files</key>
			<array>
				<string>CED85D66186C7D7C00F5DFE4</string>
				<string>CED85D68186C7D7C00F5DFE4</string>
				<string>CED85D67186C7D7C00F5DFE4</string>
			</array>
			<key>isa</key>
			<string>PBXFrameworksBuildPhase</string>
			<key>runOnlyForDeploymentPostprocessing</key>
			<string>0</string>
		</dict>
		<key>CED85D62186C7D7C00F5DFE4</key>
		<dict>
			<key>buildActionMask</key>
			<string>2147483647</string>
			<key>files</key>
			<array>
				<string>CED85D70186C7D7C00F5DFE4</string>
			</array>
			<key>isa</key>
			<string>PBXResourcesBuildPhase</string>
			<key>runOnlyForDeploymentPostprocessing</key>
			<string>0</string>
		</dict>
		<key>CED85D63186C7D7C00F5DFE4</key>
		<dict>
			<key>buildConfigurationList</key>
			<string>CED85D78186C7D7C00F5DFE4</string>
			<key>buildPhases</key>
			<array>
				<string>CED85D60186C7D7C00F5DFE4</string>
				<string>CED85D61186C7D7C00F5DFE4</string>
				<string>CED85D62186C7D7C00F5DFE4</string>
			</array>
			<key>buildRules</key>
			<array/>
			<key>dependencies</key>
			<array>
				<string>CED85D6A186C7D7C00F5DFE4</string>
			</array>
			<key>isa</key>
			<string>PBXNativeTarget</string>
			<key>name</key>
			<string>FomalhautIOSTests</string>
			<key>productName</key>
			<string>FomalhautIOSTests</string>
			<key>productReference</key>
			<string>CED85D64186C7D7C00F5DFE4</string>
			<key>productType</key>
			<string>com.apple.product-type.bundle.unit-test</string>
		</dict>
		<key>CED85D64186C7D7C00F5DFE4</key>
		<dict>
			<key>explicitFileType</key>
			<string>wrapper.cfbundle</string>
			<key>includeInIndex</key>
			<string>0</string>
			<key>isa</key>
			<string>PBXFileReference</string>
			<key>path</key>
			<string>FomalhautIOSTests.xctest</string>
			<key>sourceTree</key>
			<string>BUILT_PRODUCTS_DIR</string>
		</dict>
		<key>CED85D65186C7D7C00F5DFE4</key>
		<dict>
			<key>isa</key>
			<string>PBXFileReference</string>
			<key>lastKnownFileType</key>
			<string>wrapper.framework</string>
			<key>name</key>
			<string>XCTest.framework</string>
			<key>path</key>
			<string>Library/Frameworks/XCTest.framework</string>
			<key>sourceTree</key>
			<string>DEVELOPER_DIR</string>
		</dict>
		<key>CED85D66186C7D7C00F5DFE4</key>
		<dict>
			<key>fileRef</key>
			<string>CED85D65186C7D7C00F5DFE4</string>
			<key>isa</key>
			<string>PBXBuildFile</string>
		</dict>
		<key>CED85D67186C7D7C00F5DFE4</key>
		<dict>
			<key>fileRef</key>
			<string>CED85D43186C7D7B00F5DFE4</string>
			<key>isa</key>
			<string>PBXBuildFile</string>
		</dict>
		<key>CED85D68186C7D7C00F5DFE4</key>
		<dict>
			<key>fileRef</key>
			<string>CED85D47186C7D7B00F5DFE4</string>
			<key>isa</key>
			<string>PBXBuildFile</string>
		</dict>
		<key>CED85D69186C7D7C00F5DFE4</key>
		<dict>
			<key>containerPortal</key>
			<string>CED85D38186C7D7B00F5DFE4</string>
			<key>isa</key>
			<string>PBXContainerItemProxy</string>
			<key>proxyType</key>
			<string>1</string>
			<key>remoteGlobalIDString</key>
			<string>CED85D3F186C7D7B00F5DFE4</string>
			<key>remoteInfo</key>
			<string>FomalhautIOS</string>
		</dict>
		<key>CED85D6A186C7D7C00F5DFE4</key>
		<dict>
			<key>isa</key>
			<string>PBXTargetDependency</string>
			<key>target</key>
			<string>CED85D3F186C7D7B00F5DFE4</string>
			<key>targetProxy</key>
			<string>CED85D69186C7D7C00F5DFE4</string>
		</dict>
		<key>CED85D6B186C7D7C00F5DFE4</key>
		<dict>
			<key>children</key>
			<array>
				<string>CED85D71186C7D7C00F5DFE4</string>
				<string>CED85D6C186C7D7C00F5DFE4</string>
			</array>
			<key>isa</key>
			<string>PBXGroup</string>
			<key>path</key>
			<string>FomalhautIOSTests</string>
			<key>sourceTree</key>
			<string>&lt;group&gt;</string>
		</dict>
		<key>CED85D6C186C7D7C00F5DFE4</key>
		<dict>
			<key>children</key>
			<array>
				<string>CED85D6D186C7D7C00F5DFE4</string>
				<string>CED85D6E186C7D7C00F5DFE4</string>
			</array>
			<key>isa</key>
			<string>PBXGroup</string>
			<key>name</key>
			<string>Supporting Files</string>
			<key>sourceTree</key>
			<string>&lt;group&gt;</string>
		</dict>
		<key>CED85D6D186C7D7C00F5DFE4</key>
		<dict>
			<key>isa</key>
			<string>PBXFileReference</string>
			<key>lastKnownFileType</key>
			<string>text.plist.xml</string>
			<key>path</key>
			<string>FomalhautIOSTests-Info.plist</string>
			<key>sourceTree</key>
			<string>&lt;group&gt;</string>
		</dict>
		<key>CED85D6E186C7D7C00F5DFE4</key>
		<dict>
			<key>children</key>
			<array>
				<string>CED85D6F186C7D7C00F5DFE4</string>
			</array>
			<key>isa</key>
			<string>PBXVariantGroup</string>
			<key>name</key>
			<string>InfoPlist.strings</string>
			<key>sourceTree</key>
			<string>&lt;group&gt;</string>
		</dict>
		<key>CED85D6F186C7D7C00F5DFE4</key>
		<dict>
			<key>isa</key>
			<string>PBXFileReference</string>
			<key>lastKnownFileType</key>
			<string>text.plist.strings</string>
			<key>name</key>
			<string>en</string>
			<key>path</key>
			<string>en.lproj/InfoPlist.strings</string>
			<key>sourceTree</key>
			<string>&lt;group&gt;</string>
		</dict>
		<key>CED85D70186C7D7C00F5DFE4</key>
		<dict>
			<key>fileRef</key>
			<string>CED85D6E186C7D7C00F5DFE4</string>
			<key>isa</key>
			<string>PBXBuildFile</string>
		</dict>
		<key>CED85D71186C7D7C00F5DFE4</key>
		<dict>
			<key>isa</key>
			<string>PBXFileReference</string>
			<key>lastKnownFileType</key>
			<string>sourcecode.c.objc</string>
			<key>path</key>
			<string>FomalhautIOSTests.m</string>
			<key>sourceTree</key>
			<string>&lt;group&gt;</string>
		</dict>
		<key>CED85D72186C7D7C00F5DFE4</key>
		<dict>
			<key>fileRef</key>
			<string>CED85D71186C7D7C00F5DFE4</string>
			<key>isa</key>
			<string>PBXBuildFile</string>
		</dict>
		<key>CED85D73186C7D7C00F5DFE4</key>
		<dict>
			<key>buildSettings</key>
			<dict>
				<key>ALWAYS_SEARCH_USER_PATHS</key>
				<string>NO</string>
				<key>ARCHS</key>
				<string>$(ARCHS_STANDARD_INCLUDING_64_BIT)</string>
				<key>CLANG_CXX_LANGUAGE_STANDARD</key>
				<string>gnu++0x</string>
				<key>CLANG_CXX_LIBRARY</key>
				<string>libc++</string>
				<key>CLANG_ENABLE_MODULES</key>
				<string>YES</string>
				<key>CLANG_ENABLE_OBJC_ARC</key>
				<string>YES</string>
				<key>CLANG_WARN_BOOL_CONVERSION</key>
				<string>YES</string>
				<key>CLANG_WARN_CONSTANT_CONVERSION</key>
				<string>YES</string>
				<key>CLANG_WARN_DIRECT_OBJC_ISA_USAGE</key>
				<string>YES_ERROR</string>
				<key>CLANG_WARN_EMPTY_BODY</key>
				<string>YES</string>
				<key>CLANG_WARN_ENUM_CONVERSION</key>
				<string>YES</string>
				<key>CLANG_WARN_INT_CONVERSION</key>
				<string>YES</string>
				<key>CLANG_WARN_OBJC_ROOT_CLASS</key>
				<string>YES_ERROR</string>
				<key>CLANG_WARN__DUPLICATE_METHOD_MATCH</key>
				<string>YES</string>
				<key>CODE_SIGN_IDENTITY[sdk=iphoneos*]</key>
				<string>iPhone Developer</string>
				<key>COPY_PHASE_STRIP</key>
				<string>NO</string>
				<key>GCC_C_LANGUAGE_STANDARD</key>
				<string>gnu99</string>
				<key>GCC_DYNAMIC_NO_PIC</key>
				<string>NO</string>
				<key>GCC_OPTIMIZATION_LEVEL</key>
				<string>0</string>
				<key>GCC_PREPROCESSOR_DEFINITIONS</key>
				<array>
					<string>DEBUG=1</string>
					<string>$(inherited)</string>
				</array>
				<key>GCC_SYMBOLS_PRIVATE_EXTERN</key>
				<string>NO</string>
				<key>GCC_WARN_64_TO_32_BIT_CONVERSION</key>
				<string>YES</string>
				<key>GCC_WARN_ABOUT_RETURN_TYPE</key>
				<string>YES_ERROR</string>
				<key>GCC_WARN_UNDECLARED_SELECTOR</key>
				<string>YES</string>
				<key>GCC_WARN_UNINITIALIZED_AUTOS</key>
				<string>YES</string>
				<key>GCC_WARN_UNUSED_FUNCTION</key>
				<string>YES</string>
				<key>GCC_WARN_UNUSED_VARIABLE</key>
				<string>YES</string>
				<key>IPHONEOS_DEPLOYMENT_TARGET</key>
				<string>7.0</string>
				<key>ONLY_ACTIVE_ARCH</key>
				<string>YES</string>
				<key>SDKROOT</key>
				<string>iphoneos</string>
				<key>TARGETED_DEVICE_FAMILY</key>
				<string>1,2</string>
			</dict>
			<key>isa</key>
			<string>XCBuildConfiguration</string>
			<key>name</key>
			<string>Debug</string>
		</dict>
		<key>CED85D74186C7D7C00F5DFE4</key>
		<dict>
			<key>buildSettings</key>
			<dict>
				<key>ALWAYS_SEARCH_USER_PATHS</key>
				<string>NO</string>
				<key>ARCHS</key>
				<string>$(ARCHS_STANDARD_INCLUDING_64_BIT)</string>
				<key>CLANG_CXX_LANGUAGE_STANDARD</key>
				<string>gnu++0x</string>
				<key>CLANG_CXX_LIBRARY</key>
				<string>libc++</string>
				<key>CLANG_ENABLE_MODULES</key>
				<string>YES</string>
				<key>CLANG_ENABLE_OBJC_ARC</key>
				<string>YES</string>
				<key>CLANG_WARN_BOOL_CONVERSION</key>
				<string>YES</string>
				<key>CLANG_WARN_CONSTANT_CONVERSION</key>
				<string>YES</string>
				<key>CLANG_WARN_DIRECT_OBJC_ISA_USAGE</key>
				<string>YES_ERROR</string>
				<key>CLANG_WARN_EMPTY_BODY</key>
				<string>YES</string>
				<key>CLANG_WARN_ENUM_CONVERSION</key>
				<string>YES</string>
				<key>CLANG_WARN_INT_CONVERSION</key>
				<string>YES</string>
				<key>CLANG_WARN_OBJC_ROOT_CLASS</key>
				<string>YES_ERROR</string>
				<key>CLANG_WARN__DUPLICATE_METHOD_MATCH</key>
				<string>YES</string>
				<key>CODE_SIGN_IDENTITY[sdk=iphoneos*]</key>
				<string>iPhone Developer</string>
				<key>COPY_PHASE_STRIP</key>
				<string>YES</string>
				<key>ENABLE_NS_ASSERTIONS</key>
				<string>NO</string>
				<key>GCC_C_LANGUAGE_STANDARD</key>
				<string>gnu99</string>
				<key>GCC_WARN_64_TO_32_BIT_CONVERSION</key>
				<string>YES</string>
				<key>GCC_WARN_ABOUT_RETURN_TYPE</key>
				<string>YES_ERROR</string>
				<key>GCC_WARN_UNDECLARED_SELECTOR</key>
				<string>YES</string>
				<key>GCC_WARN_UNINITIALIZED_AUTOS</key>
				<string>YES</string>
				<key>GCC_WARN_UNUSED_FUNCTION</key>
				<string>YES</string>
				<key>GCC_WARN_UNUSED_VARIABLE</key>
				<string>YES</string>
				<key>IPHONEOS_DEPLOYMENT_TARGET</key>
				<string>7.0</string>
				<key>SDKROOT</key>
				<string>iphoneos</string>
				<key>TARGETED_DEVICE_FAMILY</key>
				<string>1,2</string>
				<key>VALIDATE_PRODUCT</key>
				<string>YES</string>
			</dict>
			<key>isa</key>
			<string>XCBuildConfiguration</string>
			<key>name</key>
			<string>Release</string>
		</dict>
		<key>CED85D75186C7D7C00F5DFE4</key>
		<dict>
			<key>buildConfigurations</key>
			<array>
				<string>CED85D76186C7D7C00F5DFE4</string>
				<string>CED85D77186C7D7C00F5DFE4</string>
			</array>
			<key>defaultConfigurationIsVisible</key>
			<string>0</string>
			<key>isa</key>
			<string>XCConfigurationList</string>
		</dict>
		<key>CED85D76186C7D7C00F5DFE4</key>
		<dict>
			<key>baseConfigurationReference</key>
			<string>78FE9A6B4971442F8E4AE1E0</string>
			<key>buildSettings</key>
			<dict>
				<key>ASSETCATALOG_COMPILER_APPICON_NAME</key>
				<string>AppIcon</string>
				<key>ASSETCATALOG_COMPILER_LAUNCHIMAGE_NAME</key>
				<string>LaunchImage</string>
				<key>GCC_PRECOMPILE_PREFIX_HEADER</key>
				<string>YES</string>
				<key>GCC_PREFIX_HEADER</key>
				<string>FomalhautIOS/FomalhautIOS-Prefix.pch</string>
				<key>INFOPLIST_FILE</key>
				<string>FomalhautIOS/FomalhautIOS-Info.plist</string>
				<key>PRODUCT_NAME</key>
				<string>$(TARGET_NAME)</string>
				<key>WRAPPER_EXTENSION</key>
				<string>app</string>
			</dict>
			<key>isa</key>
			<string>XCBuildConfiguration</string>
			<key>name</key>
			<string>Debug</string>
		</dict>
		<key>CED85D77186C7D7C00F5DFE4</key>
		<dict>
			<key>baseConfigurationReference</key>
			<string>78FE9A6B4971442F8E4AE1E0</string>
			<key>buildSettings</key>
			<dict>
				<key>ASSETCATALOG_COMPILER_APPICON_NAME</key>
				<string>AppIcon</string>
				<key>ASSETCATALOG_COMPILER_LAUNCHIMAGE_NAME</key>
				<string>LaunchImage</string>
				<key>GCC_PRECOMPILE_PREFIX_HEADER</key>
				<string>YES</string>
				<key>GCC_PREFIX_HEADER</key>
				<string>FomalhautIOS/FomalhautIOS-Prefix.pch</string>
				<key>INFOPLIST_FILE</key>
				<string>FomalhautIOS/FomalhautIOS-Info.plist</string>
				<key>PRODUCT_NAME</key>
				<string>$(TARGET_NAME)</string>
				<key>WRAPPER_EXTENSION</key>
				<string>app</string>
			</dict>
			<key>isa</key>
			<string>XCBuildConfiguration</string>
			<key>name</key>
			<string>Release</string>
		</dict>
		<key>CED85D78186C7D7C00F5DFE4</key>
		<dict>
			<key>buildConfigurations</key>
			<array>
				<string>CED85D79186C7D7C00F5DFE4</string>
				<string>CED85D7A186C7D7C00F5DFE4</string>
			</array>
			<key>defaultConfigurationIsVisible</key>
			<string>0</string>
			<key>isa</key>
			<string>XCConfigurationList</string>
		</dict>
		<key>CED85D79186C7D7C00F5DFE4</key>
		<dict>
			<key>buildSettings</key>
			<dict>
				<key>ARCHS</key>
				<string>$(ARCHS_STANDARD_INCLUDING_64_BIT)</string>
				<key>BUNDLE_LOADER</key>
				<string>$(BUILT_PRODUCTS_DIR)/FomalhautIOS.app/FomalhautIOS</string>
				<key>FRAMEWORK_SEARCH_PATHS</key>
				<array>
					<string>$(SDKROOT)/Developer/Library/Frameworks</string>
					<string>$(inherited)</string>
					<string>$(DEVELOPER_FRAMEWORKS_DIR)</string>
				</array>
				<key>GCC_PRECOMPILE_PREFIX_HEADER</key>
				<string>YES</string>
				<key>GCC_PREFIX_HEADER</key>
				<string>FomalhautIOS/FomalhautIOS-Prefix.pch</string>
				<key>GCC_PREPROCESSOR_DEFINITIONS</key>
				<array>
					<string>DEBUG=1</string>
					<string>$(inherited)</string>
				</array>
				<key>INFOPLIST_FILE</key>
				<string>FomalhautIOSTests/FomalhautIOSTests-Info.plist</string>
				<key>PRODUCT_NAME</key>
				<string>$(TARGET_NAME)</string>
				<key>TEST_HOST</key>
				<string>$(BUNDLE_LOADER)</string>
				<key>WRAPPER_EXTENSION</key>
				<string>xctest</string>
			</dict>
			<key>isa</key>
			<string>XCBuildConfiguration</string>
			<key>name</key>
			<string>Debug</string>
		</dict>
		<key>CED85D7A186C7D7C00F5DFE4</key>
		<dict>
			<key>buildSettings</key>
			<dict>
				<key>ARCHS</key>
				<string>$(ARCHS_STANDARD_INCLUDING_64_BIT)</string>
				<key>BUNDLE_LOADER</key>
				<string>$(BUILT_PRODUCTS_DIR)/FomalhautIOS.app/FomalhautIOS</string>
				<key>FRAMEWORK_SEARCH_PATHS</key>
				<array>
					<string>$(SDKROOT)/Developer/Library/Frameworks</string>
					<string>$(inherited)</string>
					<string>$(DEVELOPER_FRAMEWORKS_DIR)</string>
				</array>
				<key>GCC_PRECOMPILE_PREFIX_HEADER</key>
				<string>YES</string>
				<key>GCC_PREFIX_HEADER</key>
				<string>FomalhautIOS/FomalhautIOS-Prefix.pch</string>
				<key>INFOPLIST_FILE</key>
				<string>FomalhautIOSTests/FomalhautIOSTests-Info.plist</string>
				<key>PRODUCT_NAME</key>
				<string>$(TARGET_NAME)</string>
				<key>TEST_HOST</key>
				<string>$(BUNDLE_LOADER)</string>
				<key>WRAPPER_EXTENSION</key>
				<string>xctest</string>
			</dict>
			<key>isa</key>
			<string>XCBuildConfiguration</string>
			<key>name</key>
			<string>Release</string>
		</dict>
	</dict>
	<key>rootObject</key>
	<string>CED85D38186C7D7B00F5DFE4</string>
</dict>
</plist>
