// !$*UTF8*$!
{
	archiveVersion = 1;
	classes = {
	};
	objectVersion = 46;
	objects = {

/* Begin PBXBuildFile section */
		C07E1B493B9B4FB5A2B69069 /* libPods-FomalhautIOS.a in Frameworks */ = {isa = PBXBuildFile; fileRef = 585BCD55141445CD831916A4 /* libPods-FomalhautIOS.a */; };
		CE02E0601870185100094EFD /* Foundation.framework in Frameworks */ = {isa = PBXBuildFile; fileRef = CE02E05F1870185100094EFD /* Foundation.framework */; };
		CE02E0621870185100094EFD /* CoreGraphics.framework in Frameworks */ = {isa = PBXBuildFile; fileRef = CE02E0611870185100094EFD /* CoreGraphics.framework */; };
		CE02E0641870185100094EFD /* UIKit.framework in Frameworks */ = {isa = PBXBuildFile; fileRef = CE02E0631870185100094EFD /* UIKit.framework */; };
		CE02E06A1870185100094EFD /* InfoPlist.strings in Resources */ = {isa = PBXBuildFile; fileRef = CE02E0681870185100094EFD /* InfoPlist.strings */; };
		CE02E06C1870185100094EFD /* main.m in Sources */ = {isa = PBXBuildFile; fileRef = CE02E06B1870185100094EFD /* main.m */; };
		CE02E0701870185100094EFD /* MTGAppDelegate.m in Sources */ = {isa = PBXBuildFile; fileRef = CE02E06F1870185100094EFD /* MTGAppDelegate.m */; };
		CE02E0731870185100094EFD /* Main_iPhone.storyboard in Resources */ = {isa = PBXBuildFile; fileRef = CE02E0711870185100094EFD /* Main_iPhone.storyboard */; };
		CE02E0761870185100094EFD /* Main_iPad.storyboard in Resources */ = {isa = PBXBuildFile; fileRef = CE02E0741870185100094EFD /* Main_iPad.storyboard */; };
		CE02E07B1870185100094EFD /* Images.xcassets in Resources */ = {isa = PBXBuildFile; fileRef = CE02E07A1870185100094EFD /* Images.xcassets */; };
		CE02E0821870185100094EFD /* XCTest.framework in Frameworks */ = {isa = PBXBuildFile; fileRef = CE02E0811870185100094EFD /* XCTest.framework */; };
		CE02E0831870185100094EFD /* Foundation.framework in Frameworks */ = {isa = PBXBuildFile; fileRef = CE02E05F1870185100094EFD /* Foundation.framework */; };
		CE02E0841870185100094EFD /* UIKit.framework in Frameworks */ = {isa = PBXBuildFile; fileRef = CE02E0631870185100094EFD /* UIKit.framework */; };
		CE02E08C1870185100094EFD /* InfoPlist.strings in Resources */ = {isa = PBXBuildFile; fileRef = CE02E08A1870185100094EFD /* InfoPlist.strings */; };
		CE02E08E1870185100094EFD /* FomalhautIOSTests.m in Sources */ = {isa = PBXBuildFile; fileRef = CE02E08D1870185100094EFD /* FomalhautIOSTests.m */; };
		CE4CEF4618C95E8D008C599D /* MTGAuthorizationResponseSerializer.m in Sources */ = {isa = PBXBuildFile; fileRef = CE4CEF4518C95E8D008C599D /* MTGAuthorizationResponseSerializer.m */; };
		CE4CEF4918C95ED3008C599D /* MTGAuthorization.m in Sources */ = {isa = PBXBuildFile; fileRef = CE4CEF4818C95ED3008C599D /* MTGAuthorization.m */; };
		CE4CEF4C18C9633A008C599D /* MTGAuthorizationFailure.m in Sources */ = {isa = PBXBuildFile; fileRef = CE4CEF4B18C9633A008C599D /* MTGAuthorizationFailure.m */; };
		CE4D3D01189FEDCC0033040D /* MTGBookmarkViewController.m in Sources */ = {isa = PBXBuildFile; fileRef = CE4D3D00189FEDCC0033040D /* MTGBookmarkViewController.m */; };
		CE4D3D04189FEE0E0033040D /* MTGLoginViewController.m in Sources */ = {isa = PBXBuildFile; fileRef = CE4D3D03189FEE0E0033040D /* MTGLoginViewController.m */; };
		CE4D3D07189FF5B30033040D /* MTGBookListViewController.m in Sources */ = {isa = PBXBuildFile; fileRef = CE4D3D06189FF5B30033040D /* MTGBookListViewController.m */; };
		CE4D3D0A189FF6D80033040D /* MTGFileViewController.m in Sources */ = {isa = PBXBuildFile; fileRef = CE4D3D09189FF6D80033040D /* MTGFileViewController.m */; };
		CE4D3D0D18A075C80033040D /* MTGBookmark.m in Sources */ = {isa = PBXBuildFile; fileRef = CE4D3D0C18A075C80033040D /* MTGBookmark.m */; };
		CE4D3D1518A07A630033040D /* NSArray+Function.m in Sources */ = {isa = PBXBuildFile; fileRef = CE4D3D1418A07A630033040D /* NSArray+Function.m */; };
		CE7624D318D5BECE00AA5AA3 /* MTGAuthorizationRepository.m in Sources */ = {isa = PBXBuildFile; fileRef = CE7624D218D5BECE00AA5AA3 /* MTGAuthorizationRepository.m */; };
		CEACBC4118A149B9008A3FA1 /* MTGBookmarkListResponseSerializer.m in Sources */ = {isa = PBXBuildFile; fileRef = CEACBC4018A149B9008A3FA1 /* MTGBookmarkListResponseSerializer.m */; };
		CEACBC4518A1B822008A3FA1 /* static.m in Sources */ = {isa = PBXBuildFile; fileRef = CEACBC4418A1B822008A3FA1 /* static.m */; };
		CEACBC4818A1C757008A3FA1 /* MTGBookListResponseSerializer.m in Sources */ = {isa = PBXBuildFile; fileRef = CEACBC4718A1C757008A3FA1 /* MTGBookListResponseSerializer.m */; };
		CEACBC4B18A1C78E008A3FA1 /* MTGBook.m in Sources */ = {isa = PBXBuildFile; fileRef = CEACBC4A18A1C78E008A3FA1 /* MTGBook.m */; };
		CEACBC4E18A1CA76008A3FA1 /* MTGOpenedBookResponseSerializer.m in Sources */ = {isa = PBXBuildFile; fileRef = CEACBC4D18A1CA76008A3FA1 /* MTGOpenedBookResponseSerializer.m */; };
		CEACBC5118A1CB40008A3FA1 /* MTGOpenedBook.m in Sources */ = {isa = PBXBuildFile; fileRef = CEACBC5018A1CB40008A3FA1 /* MTGOpenedBook.m */; };
		CEACBC5418A3E08B008A3FA1 /* MTGBookmarkTabBarController.m in Sources */ = {isa = PBXBuildFile; fileRef = CEACBC5318A3E08B008A3FA1 /* MTGBookmarkTabBarController.m */; };
		CEACBC5718A3E5D3008A3FA1 /* MTGBookCollectionViewController.m in Sources */ = {isa = PBXBuildFile; fileRef = CEACBC5618A3E5D3008A3FA1 /* MTGBookCollectionViewController.m */; };
		CEACBC5A18A3F088008A3FA1 /* glyphicons_156_show_thumbnails.png in Resources */ = {isa = PBXBuildFile; fileRef = CEACBC5818A3F088008A3FA1 /* glyphicons_156_show_thumbnails.png */; };
		CEACBC5B18A3F088008A3FA1 /* glyphicons_157_show_thumbnails_with_lines.png in Resources */ = {isa = PBXBuildFile; fileRef = CEACBC5918A3F088008A3FA1 /* glyphicons_157_show_thumbnails_with_lines.png */; };
		CEC6C97218CF4FA6005466DD /* Localizable.strings in Resources */ = {isa = PBXBuildFile; fileRef = CEC6C97418CF4FA6005466DD /* Localizable.strings */; };
/* End PBXBuildFile section */

/* Begin PBXContainerItemProxy section */
		CE02E0851870185100094EFD /* PBXContainerItemProxy */ = {
			isa = PBXContainerItemProxy;
			containerPortal = CE02E0541870185100094EFD /* Project object */;
			proxyType = 1;
			remoteGlobalIDString = CE02E05B1870185100094EFD;
			remoteInfo = FomalhautIOS;
		};
/* End PBXContainerItemProxy section */

/* Begin PBXFileReference section */
		585BCD55141445CD831916A4 /* libPods-FomalhautIOS.a */ = {isa = PBXFileReference; explicitFileType = archive.ar; includeInIndex = 0; path = "libPods-FomalhautIOS.a"; sourceTree = BUILT_PRODUCTS_DIR; };
		C9802E98713F40EF9DFE33BA /* Pods-FomalhautIOS.xcconfig */ = {isa = PBXFileReference; includeInIndex = 1; lastKnownFileType = text.xcconfig; name = "Pods-FomalhautIOS.xcconfig"; path = "../Pods/Pods-FomalhautIOS.xcconfig"; sourceTree = "<group>"; };
		CE02E05C1870185100094EFD /* Fomalhaut.app */ = {isa = PBXFileReference; explicitFileType = wrapper.application; includeInIndex = 0; path = Fomalhaut.app; sourceTree = BUILT_PRODUCTS_DIR; };
		CE02E05F1870185100094EFD /* Foundation.framework */ = {isa = PBXFileReference; lastKnownFileType = wrapper.framework; name = Foundation.framework; path = System/Library/Frameworks/Foundation.framework; sourceTree = SDKROOT; };
		CE02E0611870185100094EFD /* CoreGraphics.framework */ = {isa = PBXFileReference; lastKnownFileType = wrapper.framework; name = CoreGraphics.framework; path = System/Library/Frameworks/CoreGraphics.framework; sourceTree = SDKROOT; };
		CE02E0631870185100094EFD /* UIKit.framework */ = {isa = PBXFileReference; lastKnownFileType = wrapper.framework; name = UIKit.framework; path = System/Library/Frameworks/UIKit.framework; sourceTree = SDKROOT; };
		CE02E0671870185100094EFD /* FomalhautIOS-Info.plist */ = {isa = PBXFileReference; lastKnownFileType = text.plist.xml; path = "FomalhautIOS-Info.plist"; sourceTree = "<group>"; };
		CE02E0691870185100094EFD /* en */ = {isa = PBXFileReference; lastKnownFileType = text.plist.strings; name = en; path = en.lproj/InfoPlist.strings; sourceTree = "<group>"; };
		CE02E06B1870185100094EFD /* main.m */ = {isa = PBXFileReference; lastKnownFileType = sourcecode.c.objc; path = main.m; sourceTree = "<group>"; };
		CE02E06D1870185100094EFD /* FomalhautIOS-Prefix.pch */ = {isa = PBXFileReference; lastKnownFileType = sourcecode.c.h; path = "FomalhautIOS-Prefix.pch"; sourceTree = "<group>"; };
		CE02E06E1870185100094EFD /* MTGAppDelegate.h */ = {isa = PBXFileReference; lastKnownFileType = sourcecode.c.h; path = MTGAppDelegate.h; sourceTree = "<group>"; };
		CE02E06F1870185100094EFD /* MTGAppDelegate.m */ = {isa = PBXFileReference; lastKnownFileType = sourcecode.c.objc; path = MTGAppDelegate.m; sourceTree = "<group>"; };
		CE02E0721870185100094EFD /* Base */ = {isa = PBXFileReference; lastKnownFileType = file.storyboard; name = Base; path = Base.lproj/Main_iPhone.storyboard; sourceTree = "<group>"; };
		CE02E0751870185100094EFD /* Base */ = {isa = PBXFileReference; lastKnownFileType = file.storyboard; name = Base; path = Base.lproj/Main_iPad.storyboard; sourceTree = "<group>"; };
		CE02E07A1870185100094EFD /* Images.xcassets */ = {isa = PBXFileReference; lastKnownFileType = folder.assetcatalog; path = Images.xcassets; sourceTree = "<group>"; };
		CE02E0801870185100094EFD /* FomalhautIOSTests.xctest */ = {isa = PBXFileReference; explicitFileType = wrapper.cfbundle; includeInIndex = 0; path = FomalhautIOSTests.xctest; sourceTree = BUILT_PRODUCTS_DIR; };
		CE02E0811870185100094EFD /* XCTest.framework */ = {isa = PBXFileReference; lastKnownFileType = wrapper.framework; name = XCTest.framework; path = Library/Frameworks/XCTest.framework; sourceTree = DEVELOPER_DIR; };
		CE02E0891870185100094EFD /* FomalhautIOSTests-Info.plist */ = {isa = PBXFileReference; lastKnownFileType = text.plist.xml; path = "FomalhautIOSTests-Info.plist"; sourceTree = "<group>"; };
		CE02E08B1870185100094EFD /* en */ = {isa = PBXFileReference; lastKnownFileType = text.plist.strings; name = en; path = en.lproj/InfoPlist.strings; sourceTree = "<group>"; };
		CE02E08D1870185100094EFD /* FomalhautIOSTests.m */ = {isa = PBXFileReference; lastKnownFileType = sourcecode.c.objc; path = FomalhautIOSTests.m; sourceTree = "<group>"; };
		CE4CEF4418C95E8D008C599D /* MTGAuthorizationResponseSerializer.h */ = {isa = PBXFileReference; fileEncoding = 4; lastKnownFileType = sourcecode.c.h; path = MTGAuthorizationResponseSerializer.h; sourceTree = "<group>"; };
		CE4CEF4518C95E8D008C599D /* MTGAuthorizationResponseSerializer.m */ = {isa = PBXFileReference; fileEncoding = 4; lastKnownFileType = sourcecode.c.objc; path = MTGAuthorizationResponseSerializer.m; sourceTree = "<group>"; };
		CE4CEF4718C95ED3008C599D /* MTGAuthorization.h */ = {isa = PBXFileReference; fileEncoding = 4; lastKnownFileType = sourcecode.c.h; path = MTGAuthorization.h; sourceTree = "<group>"; };
		CE4CEF4818C95ED3008C599D /* MTGAuthorization.m */ = {isa = PBXFileReference; fileEncoding = 4; lastKnownFileType = sourcecode.c.objc; path = MTGAuthorization.m; sourceTree = "<group>"; };
		CE4CEF4A18C9633A008C599D /* MTGAuthorizationFailure.h */ = {isa = PBXFileReference; fileEncoding = 4; lastKnownFileType = sourcecode.c.h; path = MTGAuthorizationFailure.h; sourceTree = "<group>"; };
		CE4CEF4B18C9633A008C599D /* MTGAuthorizationFailure.m */ = {isa = PBXFileReference; fileEncoding = 4; lastKnownFileType = sourcecode.c.objc; path = MTGAuthorizationFailure.m; sourceTree = "<group>"; };
		CE4D3CFF189FEDCC0033040D /* MTGBookmarkViewController.h */ = {isa = PBXFileReference; fileEncoding = 4; lastKnownFileType = sourcecode.c.h; path = MTGBookmarkViewController.h; sourceTree = "<group>"; };
		CE4D3D00189FEDCC0033040D /* MTGBookmarkViewController.m */ = {isa = PBXFileReference; fileEncoding = 4; lastKnownFileType = sourcecode.c.objc; path = MTGBookmarkViewController.m; sourceTree = "<group>"; };
		CE4D3D02189FEE0E0033040D /* MTGLoginViewController.h */ = {isa = PBXFileReference; fileEncoding = 4; lastKnownFileType = sourcecode.c.h; path = MTGLoginViewController.h; sourceTree = "<group>"; };
		CE4D3D03189FEE0E0033040D /* MTGLoginViewController.m */ = {isa = PBXFileReference; fileEncoding = 4; lastKnownFileType = sourcecode.c.objc; path = MTGLoginViewController.m; sourceTree = "<group>"; };
		CE4D3D05189FF5B30033040D /* MTGBookListViewController.h */ = {isa = PBXFileReference; fileEncoding = 4; lastKnownFileType = sourcecode.c.h; path = MTGBookListViewController.h; sourceTree = "<group>"; };
		CE4D3D06189FF5B30033040D /* MTGBookListViewController.m */ = {isa = PBXFileReference; fileEncoding = 4; lastKnownFileType = sourcecode.c.objc; path = MTGBookListViewController.m; sourceTree = "<group>"; };
		CE4D3D08189FF6D80033040D /* MTGFileViewController.h */ = {isa = PBXFileReference; fileEncoding = 4; lastKnownFileType = sourcecode.c.h; path = MTGFileViewController.h; sourceTree = "<group>"; };
		CE4D3D09189FF6D80033040D /* MTGFileViewController.m */ = {isa = PBXFileReference; fileEncoding = 4; lastKnownFileType = sourcecode.c.objc; path = MTGFileViewController.m; sourceTree = "<group>"; };
		CE4D3D0B18A075C80033040D /* MTGBookmark.h */ = {isa = PBXFileReference; fileEncoding = 4; lastKnownFileType = sourcecode.c.h; path = MTGBookmark.h; sourceTree = "<group>"; };
		CE4D3D0C18A075C80033040D /* MTGBookmark.m */ = {isa = PBXFileReference; fileEncoding = 4; lastKnownFileType = sourcecode.c.objc; path = MTGBookmark.m; sourceTree = "<group>"; };
		CE4D3D1318A07A630033040D /* NSArray+Function.h */ = {isa = PBXFileReference; fileEncoding = 4; lastKnownFileType = sourcecode.c.h; path = "NSArray+Function.h"; sourceTree = "<group>"; };
		CE4D3D1418A07A630033040D /* NSArray+Function.m */ = {isa = PBXFileReference; fileEncoding = 4; lastKnownFileType = sourcecode.c.objc; path = "NSArray+Function.m"; sourceTree = "<group>"; };
		CE7624D118D5BECE00AA5AA3 /* MTGAuthorizationRepository.h */ = {isa = PBXFileReference; fileEncoding = 4; lastKnownFileType = sourcecode.c.h; path = MTGAuthorizationRepository.h; sourceTree = "<group>"; };
		CE7624D218D5BECE00AA5AA3 /* MTGAuthorizationRepository.m */ = {isa = PBXFileReference; fileEncoding = 4; lastKnownFileType = sourcecode.c.objc; path = MTGAuthorizationRepository.m; sourceTree = "<group>"; };
		CEACBC3F18A149B9008A3FA1 /* MTGBookmarkListResponseSerializer.h */ = {isa = PBXFileReference; fileEncoding = 4; lastKnownFileType = sourcecode.c.h; path = MTGBookmarkListResponseSerializer.h; sourceTree = "<group>"; };
		CEACBC4018A149B9008A3FA1 /* MTGBookmarkListResponseSerializer.m */ = {isa = PBXFileReference; fileEncoding = 4; lastKnownFileType = sourcecode.c.objc; path = MTGBookmarkListResponseSerializer.m; sourceTree = "<group>"; };
		CEACBC4418A1B822008A3FA1 /* static.m */ = {isa = PBXFileReference; fileEncoding = 4; lastKnownFileType = sourcecode.c.objc; path = static.m; sourceTree = "<group>"; };
		CEACBC4618A1C757008A3FA1 /* MTGBookListResponseSerializer.h */ = {isa = PBXFileReference; fileEncoding = 4; lastKnownFileType = sourcecode.c.h; path = MTGBookListResponseSerializer.h; sourceTree = "<group>"; };
		CEACBC4718A1C757008A3FA1 /* MTGBookListResponseSerializer.m */ = {isa = PBXFileReference; fileEncoding = 4; lastKnownFileType = sourcecode.c.objc; path = MTGBookListResponseSerializer.m; sourceTree = "<group>"; };
		CEACBC4918A1C78E008A3FA1 /* MTGBook.h */ = {isa = PBXFileReference; fileEncoding = 4; lastKnownFileType = sourcecode.c.h; path = MTGBook.h; sourceTree = "<group>"; };
		CEACBC4A18A1C78E008A3FA1 /* MTGBook.m */ = {isa = PBXFileReference; fileEncoding = 4; lastKnownFileType = sourcecode.c.objc; path = MTGBook.m; sourceTree = "<group>"; };
		CEACBC4C18A1CA76008A3FA1 /* MTGOpenedBookResponseSerializer.h */ = {isa = PBXFileReference; fileEncoding = 4; lastKnownFileType = sourcecode.c.h; path = MTGOpenedBookResponseSerializer.h; sourceTree = "<group>"; };
		CEACBC4D18A1CA76008A3FA1 /* MTGOpenedBookResponseSerializer.m */ = {isa = PBXFileReference; fileEncoding = 4; lastKnownFileType = sourcecode.c.objc; path = MTGOpenedBookResponseSerializer.m; sourceTree = "<group>"; };
		CEACBC4F18A1CB40008A3FA1 /* MTGOpenedBook.h */ = {isa = PBXFileReference; fileEncoding = 4; lastKnownFileType = sourcecode.c.h; path = MTGOpenedBook.h; sourceTree = "<group>"; };
		CEACBC5018A1CB40008A3FA1 /* MTGOpenedBook.m */ = {isa = PBXFileReference; fileEncoding = 4; lastKnownFileType = sourcecode.c.objc; path = MTGOpenedBook.m; sourceTree = "<group>"; };
		CEACBC5218A3E08B008A3FA1 /* MTGBookmarkTabBarController.h */ = {isa = PBXFileReference; fileEncoding = 4; lastKnownFileType = sourcecode.c.h; path = MTGBookmarkTabBarController.h; sourceTree = "<group>"; };
		CEACBC5318A3E08B008A3FA1 /* MTGBookmarkTabBarController.m */ = {isa = PBXFileReference; fileEncoding = 4; lastKnownFileType = sourcecode.c.objc; path = MTGBookmarkTabBarController.m; sourceTree = "<group>"; };
		CEACBC5518A3E5D3008A3FA1 /* MTGBookCollectionViewController.h */ = {isa = PBXFileReference; fileEncoding = 4; lastKnownFileType = sourcecode.c.h; path = MTGBookCollectionViewController.h; sourceTree = "<group>"; };
		CEACBC5618A3E5D3008A3FA1 /* MTGBookCollectionViewController.m */ = {isa = PBXFileReference; fileEncoding = 4; lastKnownFileType = sourcecode.c.objc; path = MTGBookCollectionViewController.m; sourceTree = "<group>"; };
		CEACBC5818A3F088008A3FA1 /* glyphicons_156_show_thumbnails.png */ = {isa = PBXFileReference; lastKnownFileType = image.png; path = glyphicons_156_show_thumbnails.png; sourceTree = "<group>"; };
		CEACBC5918A3F088008A3FA1 /* glyphicons_157_show_thumbnails_with_lines.png */ = {isa = PBXFileReference; lastKnownFileType = image.png; path = glyphicons_157_show_thumbnails_with_lines.png; sourceTree = "<group>"; };
		CEC6C97318CF4FA6005466DD /* Base */ = {isa = PBXFileReference; lastKnownFileType = text.plist.strings; name = Base; path = Base.lproj/Localizable.strings; sourceTree = "<group>"; };
/* End PBXFileReference section */

/* Begin PBXFrameworksBuildPhase section */
		CE02E0591870185100094EFD /* Frameworks */ = {
			isa = PBXFrameworksBuildPhase;
			buildActionMask = 2147483647;
			files = (
				CE02E0621870185100094EFD /* CoreGraphics.framework in Frameworks */,
				CE02E0641870185100094EFD /* UIKit.framework in Frameworks */,
				CE02E0601870185100094EFD /* Foundation.framework in Frameworks */,
				C07E1B493B9B4FB5A2B69069 /* libPods-FomalhautIOS.a in Frameworks */,
			);
			runOnlyForDeploymentPostprocessing = 0;
		};
		CE02E07D1870185100094EFD /* Frameworks */ = {
			isa = PBXFrameworksBuildPhase;
			buildActionMask = 2147483647;
			files = (
				CE02E0821870185100094EFD /* XCTest.framework in Frameworks */,
				CE02E0841870185100094EFD /* UIKit.framework in Frameworks */,
				CE02E0831870185100094EFD /* Foundation.framework in Frameworks */,
			);
			runOnlyForDeploymentPostprocessing = 0;
		};
/* End PBXFrameworksBuildPhase section */

/* Begin PBXGroup section */
		CE02E0531870185100094EFD = {
			isa = PBXGroup;
			children = (
				CE02E0651870185100094EFD /* FomalhautIOS */,
				CE4D3D1218A07A4B0033040D /* Shared */,
				CE02E0871870185100094EFD /* FomalhautIOSTests */,
				CE02E05E1870185100094EFD /* Frameworks */,
				CE02E05D1870185100094EFD /* Products */,
				C9802E98713F40EF9DFE33BA /* Pods-FomalhautIOS.xcconfig */,
			);
			sourceTree = "<group>";
		};
		CE02E05D1870185100094EFD /* Products */ = {
			isa = PBXGroup;
			children = (
				CE02E05C1870185100094EFD /* Fomalhaut.app */,
				CE02E0801870185100094EFD /* FomalhautIOSTests.xctest */,
			);
			name = Products;
			sourceTree = "<group>";
		};
		CE02E05E1870185100094EFD /* Frameworks */ = {
			isa = PBXGroup;
			children = (
				CE02E05F1870185100094EFD /* Foundation.framework */,
				CE02E0611870185100094EFD /* CoreGraphics.framework */,
				CE02E0631870185100094EFD /* UIKit.framework */,
				CE02E0811870185100094EFD /* XCTest.framework */,
				585BCD55141445CD831916A4 /* libPods-FomalhautIOS.a */,
			);
			name = Frameworks;
			sourceTree = "<group>";
		};
		CE02E0651870185100094EFD /* FomalhautIOS */ = {
			isa = PBXGroup;
			children = (
				CE02E06E1870185100094EFD /* MTGAppDelegate.h */,
				CE02E06F1870185100094EFD /* MTGAppDelegate.m */,
				CE02E0711870185100094EFD /* Main_iPhone.storyboard */,
				CE02E0741870185100094EFD /* Main_iPad.storyboard */,
				CE4D3CFF189FEDCC0033040D /* MTGBookmarkViewController.h */,
				CE4D3D00189FEDCC0033040D /* MTGBookmarkViewController.m */,
				CE4D3D02189FEE0E0033040D /* MTGLoginViewController.h */,
				CE4D3D03189FEE0E0033040D /* MTGLoginViewController.m */,
				CEACBC5218A3E08B008A3FA1 /* MTGBookmarkTabBarController.h */,
				CEACBC5318A3E08B008A3FA1 /* MTGBookmarkTabBarController.m */,
				CE4D3D05189FF5B30033040D /* MTGBookListViewController.h */,
				CE4D3D06189FF5B30033040D /* MTGBookListViewController.m */,
				CEACBC5518A3E5D3008A3FA1 /* MTGBookCollectionViewController.h */,
				CEACBC5618A3E5D3008A3FA1 /* MTGBookCollectionViewController.m */,
				CE4D3D08189FF6D80033040D /* MTGFileViewController.h */,
				CE4D3D09189FF6D80033040D /* MTGFileViewController.m */,
				CE4D3D0B18A075C80033040D /* MTGBookmark.h */,
				CE4D3D0C18A075C80033040D /* MTGBookmark.m */,
				CEACBC4918A1C78E008A3FA1 /* MTGBook.h */,
				CEACBC4A18A1C78E008A3FA1 /* MTGBook.m */,
				CEACBC4F18A1CB40008A3FA1 /* MTGOpenedBook.h */,
				CEACBC5018A1CB40008A3FA1 /* MTGOpenedBook.m */,
				CEACBC3F18A149B9008A3FA1 /* MTGBookmarkListResponseSerializer.h */,
				CEACBC4018A149B9008A3FA1 /* MTGBookmarkListResponseSerializer.m */,
				CEACBC4618A1C757008A3FA1 /* MTGBookListResponseSerializer.h */,
				CEACBC4718A1C757008A3FA1 /* MTGBookListResponseSerializer.m */,
				CEACBC4C18A1CA76008A3FA1 /* MTGOpenedBookResponseSerializer.h */,
				CEACBC4D18A1CA76008A3FA1 /* MTGOpenedBookResponseSerializer.m */,
				CE4CEF4718C95ED3008C599D /* MTGAuthorization.h */,
				CE4CEF4818C95ED3008C599D /* MTGAuthorization.m */,
				CE4CEF4A18C9633A008C599D /* MTGAuthorizationFailure.h */,
				CE4CEF4B18C9633A008C599D /* MTGAuthorizationFailure.m */,
				CE4CEF4418C95E8D008C599D /* MTGAuthorizationResponseSerializer.h */,
				CE4CEF4518C95E8D008C599D /* MTGAuthorizationResponseSerializer.m */,
				CE7624D118D5BECE00AA5AA3 /* MTGAuthorizationRepository.h */,
				CE7624D218D5BECE00AA5AA3 /* MTGAuthorizationRepository.m */,
				CE02E07A1870185100094EFD /* Images.xcassets */,
				CE02E0661870185100094EFD /* Supporting Files */,
			);
			path = FomalhautIOS;
			sourceTree = "<group>";
		};
		CE02E0661870185100094EFD /* Supporting Files */ = {
			isa = PBXGroup;
			children = (
				CE02E0671870185100094EFD /* FomalhautIOS-Info.plist */,
				CE02E0681870185100094EFD /* InfoPlist.strings */,
				CE02E06B1870185100094EFD /* main.m */,
				CEACBC4418A1B822008A3FA1 /* static.m */,
				CE02E06D1870185100094EFD /* FomalhautIOS-Prefix.pch */,
				CEC6C97418CF4FA6005466DD /* Localizable.strings */,
				CEACBC5818A3F088008A3FA1 /* glyphicons_156_show_thumbnails.png */,
				CEACBC5918A3F088008A3FA1 /* glyphicons_157_show_thumbnails_with_lines.png */,
			);
			name = "Supporting Files";
			sourceTree = "<group>";
		};
		CE02E0871870185100094EFD /* FomalhautIOSTests */ = {
			isa = PBXGroup;
			children = (
				CE02E08D1870185100094EFD /* FomalhautIOSTests.m */,
				CE02E0881870185100094EFD /* Supporting Files */,
			);
			path = FomalhautIOSTests;
			sourceTree = "<group>";
		};
		CE02E0881870185100094EFD /* Supporting Files */ = {
			isa = PBXGroup;
			children = (
				CE02E0891870185100094EFD /* FomalhautIOSTests-Info.plist */,
				CE02E08A1870185100094EFD /* InfoPlist.strings */,
			);
			name = "Supporting Files";
			sourceTree = "<group>";
		};
		CE4D3D1218A07A4B0033040D /* Shared */ = {
			isa = PBXGroup;
			children = (
				CE4D3D1318A07A630033040D /* NSArray+Function.h */,
				CE4D3D1418A07A630033040D /* NSArray+Function.m */,
			);
			name = Shared;
			path = ../Shared;
			sourceTree = SOURCE_ROOT;
		};
/* End PBXGroup section */

/* Begin PBXNativeTarget section */
		CE02E05B1870185100094EFD /* FomalhautIOS */ = {
			isa = PBXNativeTarget;
			buildConfigurationList = CE02E0911870185200094EFD /* Build configuration list for PBXNativeTarget "FomalhautIOS" */;
			buildPhases = (
				3272376AED5942C29E1B3D77 /* Check Pods Manifest.lock */,
				CE02E0581870185100094EFD /* Sources */,
				CE02E0591870185100094EFD /* Frameworks */,
				CE02E05A1870185100094EFD /* Resources */,
				AE97AE926255432CB11BD0A3 /* Copy Pods Resources */,
			);
			buildRules = (
			);
			dependencies = (
			);
			name = FomalhautIOS;
			productName = FomalhautIOS;
			productReference = CE02E05C1870185100094EFD /* Fomalhaut.app */;
			productType = "com.apple.product-type.application";
		};
		CE02E07F1870185100094EFD /* FomalhautIOSTests */ = {
			isa = PBXNativeTarget;
			buildConfigurationList = CE02E0941870185200094EFD /* Build configuration list for PBXNativeTarget "FomalhautIOSTests" */;
			buildPhases = (
				CE02E07C1870185100094EFD /* Sources */,
				CE02E07D1870185100094EFD /* Frameworks */,
				CE02E07E1870185100094EFD /* Resources */,
			);
			buildRules = (
			);
			dependencies = (
				CE02E0861870185100094EFD /* PBXTargetDependency */,
			);
			name = FomalhautIOSTests;
			productName = FomalhautIOSTests;
			productReference = CE02E0801870185100094EFD /* FomalhautIOSTests.xctest */;
			productType = "com.apple.product-type.bundle.unit-test";
		};
/* End PBXNativeTarget section */

/* Begin PBXProject section */
		CE02E0541870185100094EFD /* Project object */ = {
			isa = PBXProject;
			attributes = {
				CLASSPREFIX = MTG;
				LastUpgradeCheck = 0500;
				ORGANIZATIONNAME = mtgto;
				TargetAttributes = {
					CE02E07F1870185100094EFD = {
						TestTargetID = CE02E05B1870185100094EFD;
					};
				};
			};
			buildConfigurationList = CE02E0571870185100094EFD /* Build configuration list for PBXProject "FomalhautIOS" */;
			compatibilityVersion = "Xcode 3.2";
			developmentRegion = English;
			hasScannedForEncodings = 0;
			knownRegions = (
				en,
				Base,
			);
			mainGroup = CE02E0531870185100094EFD;
			productRefGroup = CE02E05D1870185100094EFD /* Products */;
			projectDirPath = "";
			projectRoot = "";
			targets = (
				CE02E05B1870185100094EFD /* FomalhautIOS */,
				CE02E07F1870185100094EFD /* FomalhautIOSTests */,
			);
		};
/* End PBXProject section */

/* Begin PBXResourcesBuildPhase section */
		CE02E05A1870185100094EFD /* Resources */ = {
			isa = PBXResourcesBuildPhase;
			buildActionMask = 2147483647;
			files = (
				CEC6C97218CF4FA6005466DD /* Localizable.strings in Resources */,
				CE02E0761870185100094EFD /* Main_iPad.storyboard in Resources */,
				CEACBC5A18A3F088008A3FA1 /* glyphicons_156_show_thumbnails.png in Resources */,
				CE02E07B1870185100094EFD /* Images.xcassets in Resources */,
				CE02E0731870185100094EFD /* Main_iPhone.storyboard in Resources */,
				CEACBC5B18A3F088008A3FA1 /* glyphicons_157_show_thumbnails_with_lines.png in Resources */,
				CE02E06A1870185100094EFD /* InfoPlist.strings in Resources */,
			);
			runOnlyForDeploymentPostprocessing = 0;
		};
		CE02E07E1870185100094EFD /* Resources */ = {
			isa = PBXResourcesBuildPhase;
			buildActionMask = 2147483647;
			files = (
				CE02E08C1870185100094EFD /* InfoPlist.strings in Resources */,
			);
			runOnlyForDeploymentPostprocessing = 0;
		};
/* End PBXResourcesBuildPhase section */

/* Begin PBXShellScriptBuildPhase section */
		3272376AED5942C29E1B3D77 /* Check Pods Manifest.lock */ = {
			isa = PBXShellScriptBuildPhase;
			buildActionMask = 2147483647;
			files = (
			);
			inputPaths = (
			);
			name = "Check Pods Manifest.lock";
			outputPaths = (
			);
			runOnlyForDeploymentPostprocessing = 0;
			shellPath = /bin/sh;
			shellScript = "diff \"${PODS_ROOT}/../Podfile.lock\" \"${PODS_ROOT}/Manifest.lock\" > /dev/null\nif [[ $? != 0 ]] ; then\n    cat << EOM\nerror: The sandbox is not in sync with the Podfile.lock. Run 'pod install' or update your CocoaPods installation.\nEOM\n    exit 1\nfi\n";
			showEnvVarsInLog = 0;
		};
		AE97AE926255432CB11BD0A3 /* Copy Pods Resources */ = {
			isa = PBXShellScriptBuildPhase;
			buildActionMask = 2147483647;
			files = (
			);
			inputPaths = (
			);
			name = "Copy Pods Resources";
			outputPaths = (
			);
			runOnlyForDeploymentPostprocessing = 0;
			shellPath = /bin/sh;
			shellScript = "\"${SRCROOT}/../Pods/Pods-FomalhautIOS-resources.sh\"\n";
			showEnvVarsInLog = 0;
		};
/* End PBXShellScriptBuildPhase section */

/* Begin PBXSourcesBuildPhase section */
		CE02E0581870185100094EFD /* Sources */ = {
			isa = PBXSourcesBuildPhase;
			buildActionMask = 2147483647;
			files = (
				CE02E06C1870185100094EFD /* main.m in Sources */,
				CEACBC4E18A1CA76008A3FA1 /* MTGOpenedBookResponseSerializer.m in Sources */,
				CE4CEF4918C95ED3008C599D /* MTGAuthorization.m in Sources */,
				CE02E0701870185100094EFD /* MTGAppDelegate.m in Sources */,
				CE7624D318D5BECE00AA5AA3 /* MTGAuthorizationRepository.m in Sources */,
				CE4D3D01189FEDCC0033040D /* MTGBookmarkViewController.m in Sources */,
				CEACBC5718A3E5D3008A3FA1 /* MTGBookCollectionViewController.m in Sources */,
				CEACBC4B18A1C78E008A3FA1 /* MTGBook.m in Sources */,
				CE4D3D04189FEE0E0033040D /* MTGLoginViewController.m in Sources */,
				CEACBC4818A1C757008A3FA1 /* MTGBookListResponseSerializer.m in Sources */,
				CE4CEF4C18C9633A008C599D /* MTGAuthorizationFailure.m in Sources */,
				CE4D3D07189FF5B30033040D /* MTGBookListViewController.m in Sources */,
				CEACBC4118A149B9008A3FA1 /* MTGBookmarkListResponseSerializer.m in Sources */,
				CE4D3D0A189FF6D80033040D /* MTGFileViewController.m in Sources */,
				CEACBC5118A1CB40008A3FA1 /* MTGOpenedBook.m in Sources */,
				CEACBC5418A3E08B008A3FA1 /* MTGBookmarkTabBarController.m in Sources */,
				CEACBC4518A1B822008A3FA1 /* static.m in Sources */,
				CE4CEF4618C95E8D008C599D /* MTGAuthorizationResponseSerializer.m in Sources */,
				CE4D3D1518A07A630033040D /* NSArray+Function.m in Sources */,
				CE4D3D0D18A075C80033040D /* MTGBookmark.m in Sources */,
			);
			runOnlyForDeploymentPostprocessing = 0;
		};
		CE02E07C1870185100094EFD /* Sources */ = {
			isa = PBXSourcesBuildPhase;
			buildActionMask = 2147483647;
			files = (
				CE02E08E1870185100094EFD /* FomalhautIOSTests.m in Sources */,
			);
			runOnlyForDeploymentPostprocessing = 0;
		};
/* End PBXSourcesBuildPhase section */

/* Begin PBXTargetDependency section */
		CE02E0861870185100094EFD /* PBXTargetDependency */ = {
			isa = PBXTargetDependency;
			target = CE02E05B1870185100094EFD /* FomalhautIOS */;
			targetProxy = CE02E0851870185100094EFD /* PBXContainerItemProxy */;
		};
/* End PBXTargetDependency section */

/* Begin PBXVariantGroup section */
		CE02E0681870185100094EFD /* InfoPlist.strings */ = {
			isa = PBXVariantGroup;
			children = (
				CE02E0691870185100094EFD /* en */,
			);
			name = InfoPlist.strings;
			sourceTree = "<group>";
		};
		CE02E0711870185100094EFD /* Main_iPhone.storyboard */ = {
			isa = PBXVariantGroup;
			children = (
				CE02E0721870185100094EFD /* Base */,
			);
			name = Main_iPhone.storyboard;
			sourceTree = "<group>";
		};
		CE02E0741870185100094EFD /* Main_iPad.storyboard */ = {
			isa = PBXVariantGroup;
			children = (
				CE02E0751870185100094EFD /* Base */,
			);
			name = Main_iPad.storyboard;
			sourceTree = "<group>";
		};
		CE02E08A1870185100094EFD /* InfoPlist.strings */ = {
			isa = PBXVariantGroup;
			children = (
				CE02E08B1870185100094EFD /* en */,
			);
			name = InfoPlist.strings;
			sourceTree = "<group>";
		};
		CEC6C97418CF4FA6005466DD /* Localizable.strings */ = {
			isa = PBXVariantGroup;
			children = (
				CEC6C97318CF4FA6005466DD /* Base */,
			);
			name = Localizable.strings;
			sourceTree = "<group>";
		};
/* End PBXVariantGroup section */

/* Begin XCBuildConfiguration section */
		CE02E08F1870185200094EFD /* Debug */ = {
			isa = XCBuildConfiguration;
			buildSettings = {
				ALWAYS_SEARCH_USER_PATHS = NO;
				ARCHS = "$(ARCHS_STANDARD_INCLUDING_64_BIT)";
				CLANG_CXX_LANGUAGE_STANDARD = "gnu++0x";
				CLANG_CXX_LIBRARY = "libc++";
				CLANG_ENABLE_MODULES = YES;
				CLANG_ENABLE_OBJC_ARC = YES;
				CLANG_WARN_BOOL_CONVERSION = YES;
				CLANG_WARN_CONSTANT_CONVERSION = YES;
				CLANG_WARN_DIRECT_OBJC_ISA_USAGE = YES_ERROR;
				CLANG_WARN_EMPTY_BODY = YES;
				CLANG_WARN_ENUM_CONVERSION = YES;
				CLANG_WARN_INT_CONVERSION = YES;
				CLANG_WARN_OBJC_ROOT_CLASS = YES_ERROR;
				CLANG_WARN__DUPLICATE_METHOD_MATCH = YES;
				"CODE_SIGN_IDENTITY[sdk=iphoneos*]" = "iPhone Developer";
				COPY_PHASE_STRIP = NO;
				GCC_C_LANGUAGE_STANDARD = gnu99;
				GCC_DYNAMIC_NO_PIC = NO;
				GCC_OPTIMIZATION_LEVEL = 0;
				GCC_PREPROCESSOR_DEFINITIONS = (
					"DEBUG=1",
					"$(inherited)",
				);
				GCC_SYMBOLS_PRIVATE_EXTERN = NO;
				GCC_WARN_64_TO_32_BIT_CONVERSION = YES;
				GCC_WARN_ABOUT_RETURN_TYPE = YES_ERROR;
				GCC_WARN_UNDECLARED_SELECTOR = YES;
				GCC_WARN_UNINITIALIZED_AUTOS = YES;
				GCC_WARN_UNUSED_FUNCTION = YES;
				GCC_WARN_UNUSED_VARIABLE = YES;
				IPHONEOS_DEPLOYMENT_TARGET = 7.0;
				ONLY_ACTIVE_ARCH = YES;
				SDKROOT = iphoneos;
				TARGETED_DEVICE_FAMILY = "1,2";
			};
			name = Debug;
		};
		CE02E0901870185200094EFD /* Release */ = {
			isa = XCBuildConfiguration;
			buildSettings = {
				ALWAYS_SEARCH_USER_PATHS = NO;
				ARCHS = "$(ARCHS_STANDARD_INCLUDING_64_BIT)";
				CLANG_CXX_LANGUAGE_STANDARD = "gnu++0x";
				CLANG_CXX_LIBRARY = "libc++";
				CLANG_ENABLE_MODULES = YES;
				CLANG_ENABLE_OBJC_ARC = YES;
				CLANG_WARN_BOOL_CONVERSION = YES;
				CLANG_WARN_CONSTANT_CONVERSION = YES;
				CLANG_WARN_DIRECT_OBJC_ISA_USAGE = YES_ERROR;
				CLANG_WARN_EMPTY_BODY = YES;
				CLANG_WARN_ENUM_CONVERSION = YES;
				CLANG_WARN_INT_CONVERSION = YES;
				CLANG_WARN_OBJC_ROOT_CLASS = YES_ERROR;
				CLANG_WARN__DUPLICATE_METHOD_MATCH = YES;
				"CODE_SIGN_IDENTITY[sdk=iphoneos*]" = "iPhone Developer";
				COPY_PHASE_STRIP = YES;
				ENABLE_NS_ASSERTIONS = NO;
				GCC_C_LANGUAGE_STANDARD = gnu99;
				GCC_WARN_64_TO_32_BIT_CONVERSION = YES;
				GCC_WARN_ABOUT_RETURN_TYPE = YES_ERROR;
				GCC_WARN_UNDECLARED_SELECTOR = YES;
				GCC_WARN_UNINITIALIZED_AUTOS = YES;
				GCC_WARN_UNUSED_FUNCTION = YES;
				GCC_WARN_UNUSED_VARIABLE = YES;
				IPHONEOS_DEPLOYMENT_TARGET = 7.0;
				SDKROOT = iphoneos;
				TARGETED_DEVICE_FAMILY = "1,2";
				VALIDATE_PRODUCT = YES;
			};
			name = Release;
		};
		CE02E0921870185200094EFD /* Debug */ = {
			isa = XCBuildConfiguration;
			baseConfigurationReference = C9802E98713F40EF9DFE33BA /* Pods-FomalhautIOS.xcconfig */;
			buildSettings = {
				ASSETCATALOG_COMPILER_APPICON_NAME = AppIcon;
				ASSETCATALOG_COMPILER_LAUNCHIMAGE_NAME = LaunchImage;
				GCC_PRECOMPILE_PREFIX_HEADER = YES;
				GCC_PREFIX_HEADER = "FomalhautIOS/FomalhautIOS-Prefix.pch";
				INFOPLIST_FILE = "FomalhautIOS/FomalhautIOS-Info.plist";
				IPHONEOS_DEPLOYMENT_TARGET = 7.0;
				PRODUCT_NAME = Fomalhaut;
				WRAPPER_EXTENSION = app;
			};
			name = Debug;
		};
		CE02E0931870185200094EFD /* Release */ = {
			isa = XCBuildConfiguration;
			baseConfigurationReference = C9802E98713F40EF9DFE33BA /* Pods-FomalhautIOS.xcconfig */;
			buildSettings = {
				ASSETCATALOG_COMPILER_APPICON_NAME = AppIcon;
				ASSETCATALOG_COMPILER_LAUNCHIMAGE_NAME = LaunchImage;
				GCC_PRECOMPILE_PREFIX_HEADER = YES;
				GCC_PREFIX_HEADER = "FomalhautIOS/FomalhautIOS-Prefix.pch";
				INFOPLIST_FILE = "FomalhautIOS/FomalhautIOS-Info.plist";
				IPHONEOS_DEPLOYMENT_TARGET = 7.0;
				PRODUCT_NAME = Fomalhaut;
				WRAPPER_EXTENSION = app;
			};
			name = Release;
		};
		CE02E0951870185200094EFD /* Debug */ = {
			isa = XCBuildConfiguration;
			buildSettings = {
				ARCHS = "$(ARCHS_STANDARD_INCLUDING_64_BIT)";
				BUNDLE_LOADER = "$(BUILT_PRODUCTS_DIR)/FomalhautIOS.app/FomalhautIOS";
				FRAMEWORK_SEARCH_PATHS = (
					"$(SDKROOT)/Developer/Library/Frameworks",
					"$(inherited)",
					"$(DEVELOPER_FRAMEWORKS_DIR)",
				);
				GCC_PRECOMPILE_PREFIX_HEADER = YES;
				GCC_PREFIX_HEADER = "FomalhautIOS/FomalhautIOS-Prefix.pch";
				GCC_PREPROCESSOR_DEFINITIONS = (
					"DEBUG=1",
					"$(inherited)",
				);
				INFOPLIST_FILE = "FomalhautIOSTests/FomalhautIOSTests-Info.plist";
				PRODUCT_NAME = "$(TARGET_NAME)";
				TEST_HOST = "$(BUNDLE_LOADER)";
				WRAPPER_EXTENSION = xctest;
			};
			name = Debug;
		};
		CE02E0961870185200094EFD /* Release */ = {
			isa = XCBuildConfiguration;
			buildSettings = {
				ARCHS = "$(ARCHS_STANDARD_INCLUDING_64_BIT)";
				BUNDLE_LOADER = "$(BUILT_PRODUCTS_DIR)/FomalhautIOS.app/FomalhautIOS";
				FRAMEWORK_SEARCH_PATHS = (
					"$(SDKROOT)/Developer/Library/Frameworks",
					"$(inherited)",
					"$(DEVELOPER_FRAMEWORKS_DIR)",
				);
				GCC_PRECOMPILE_PREFIX_HEADER = YES;
				GCC_PREFIX_HEADER = "FomalhautIOS/FomalhautIOS-Prefix.pch";
				INFOPLIST_FILE = "FomalhautIOSTests/FomalhautIOSTests-Info.plist";
				PRODUCT_NAME = "$(TARGET_NAME)";
				TEST_HOST = "$(BUNDLE_LOADER)";
				WRAPPER_EXTENSION = xctest;
			};
			name = Release;
		};
/* End XCBuildConfiguration section */

/* Begin XCConfigurationList section */
		CE02E0571870185100094EFD /* Build configuration list for PBXProject "FomalhautIOS" */ = {
			isa = XCConfigurationList;
			buildConfigurations = (
				CE02E08F1870185200094EFD /* Debug */,
				CE02E0901870185200094EFD /* Release */,
			);
			defaultConfigurationIsVisible = 0;
			defaultConfigurationName = Release;
		};
		CE02E0911870185200094EFD /* Build configuration list for PBXNativeTarget "FomalhautIOS" */ = {
			isa = XCConfigurationList;
			buildConfigurations = (
				CE02E0921870185200094EFD /* Debug */,
				CE02E0931870185200094EFD /* Release */,
			);
			defaultConfigurationIsVisible = 0;
			defaultConfigurationName = Release;
		};
		CE02E0941870185200094EFD /* Build configuration list for PBXNativeTarget "FomalhautIOSTests" */ = {
			isa = XCConfigurationList;
			buildConfigurations = (
				CE02E0951870185200094EFD /* Debug */,
				CE02E0961870185200094EFD /* Release */,
			);
			defaultConfigurationIsVisible = 0;
			defaultConfigurationName = Release;
		};
/* End XCConfigurationList section */
	};
	rootObject = CE02E0541870185100094EFD /* Project object */;
}
